// !$*UTF8*$!
{
	archiveVersion = 1;
	classes = {
	};
	objectVersion = 55;
	objects = {

/* Begin PBXBuildFile section */
		4A992C4727311F1C0006FB8C /* FavoriteHeaderView.swift in Sources */ = {isa = PBXBuildFile; fileRef = 4A992C4627311F1C0006FB8C /* FavoriteHeaderView.swift */; };
		4A992C49273124AF0006FB8C /* FavoriteTableViewCell.swift in Sources */ = {isa = PBXBuildFile; fileRef = 4A992C48273124AF0006FB8C /* FavoriteTableViewCell.swift */; };
		4A992C4B273124D90006FB8C /* BusCellTrailingView.swift in Sources */ = {isa = PBXBuildFile; fileRef = 4A992C4A273124D90006FB8C /* BusCellTrailingView.swift */; };
		4ACA51E3272FCD9600EC0531 /* HomeModel.swift in Sources */ = {isa = PBXBuildFile; fileRef = 4ACA51E2272FCD9600EC0531 /* HomeModel.swift */; };
		4ACA51E5272FCD9C00EC0531 /* HomeUseCase.swift in Sources */ = {isa = PBXBuildFile; fileRef = 4ACA51E4272FCD9C00EC0531 /* HomeUseCase.swift */; };
		4ACA51E7272FCDA600EC0531 /* HomeViewModel.swift in Sources */ = {isa = PBXBuildFile; fileRef = 4ACA51E6272FCDA600EC0531 /* HomeViewModel.swift */; };
		4ACA51E9272FCDAE00EC0531 /* HomeView.swift in Sources */ = {isa = PBXBuildFile; fileRef = 4ACA51E8272FCDAE00EC0531 /* HomeView.swift */; };
		4ACA51EF272FCDE600EC0531 /* SearchBusModel.swift in Sources */ = {isa = PBXBuildFile; fileRef = 4ACA51EE272FCDE600EC0531 /* SearchBusModel.swift */; };
		4ACA51F1272FCDF200EC0531 /* SearchBusUseCase.swift in Sources */ = {isa = PBXBuildFile; fileRef = 4ACA51F0272FCDF200EC0531 /* SearchBusUseCase.swift */; };
		4ACA51F3272FCDF900EC0531 /* SearchBusViewModel.swift in Sources */ = {isa = PBXBuildFile; fileRef = 4ACA51F2272FCDF900EC0531 /* SearchBusViewModel.swift */; };
		4ACA51F5272FCE0200EC0531 /* SearchBusView.swift in Sources */ = {isa = PBXBuildFile; fileRef = 4ACA51F4272FCE0200EC0531 /* SearchBusView.swift */; };
		4ACA51FB272FCE1D00EC0531 /* SearchStationModel.swift in Sources */ = {isa = PBXBuildFile; fileRef = 4ACA51FA272FCE1D00EC0531 /* SearchStationModel.swift */; };
		4ACA51FD272FCE2200EC0531 /* SearchStationUseCase.swift in Sources */ = {isa = PBXBuildFile; fileRef = 4ACA51FC272FCE2200EC0531 /* SearchStationUseCase.swift */; };
		4ACA51FF272FCE2700EC0531 /* SearchStationViewModel.swift in Sources */ = {isa = PBXBuildFile; fileRef = 4ACA51FE272FCE2700EC0531 /* SearchStationViewModel.swift */; };
		4ACA5201272FCE3100EC0531 /* SearchStationView.swift in Sources */ = {isa = PBXBuildFile; fileRef = 4ACA5200272FCE3100EC0531 /* SearchStationView.swift */; };
		4ACA5207272FCE5200EC0531 /* BusRouteModel.swift in Sources */ = {isa = PBXBuildFile; fileRef = 4ACA5206272FCE5200EC0531 /* BusRouteModel.swift */; };
		4ACA5209272FCE5A00EC0531 /* BusRouteUseCase.swift in Sources */ = {isa = PBXBuildFile; fileRef = 4ACA5208272FCE5A00EC0531 /* BusRouteUseCase.swift */; };
		4ACA520B272FCE5F00EC0531 /* BusRouteViewModel.swift in Sources */ = {isa = PBXBuildFile; fileRef = 4ACA520A272FCE5F00EC0531 /* BusRouteViewModel.swift */; };
		4ACA520D272FCE6500EC0531 /* BusRouteView.swift in Sources */ = {isa = PBXBuildFile; fileRef = 4ACA520C272FCE6500EC0531 /* BusRouteView.swift */; };
		4ACA5213272FCE8500EC0531 /* StationModel.swift in Sources */ = {isa = PBXBuildFile; fileRef = 4ACA5212272FCE8500EC0531 /* StationModel.swift */; };
		4ACA5215272FCE8A00EC0531 /* StationUseCase.swift in Sources */ = {isa = PBXBuildFile; fileRef = 4ACA5214272FCE8A00EC0531 /* StationUseCase.swift */; };
		4ACA5217272FCE8E00EC0531 /* StationViewModel.swift in Sources */ = {isa = PBXBuildFile; fileRef = 4ACA5216272FCE8E00EC0531 /* StationViewModel.swift */; };
		4ACA5219272FCE9500EC0531 /* StationView.swift in Sources */ = {isa = PBXBuildFile; fileRef = 4ACA5218272FCE9500EC0531 /* StationView.swift */; };
		4ACA521F272FCEAA00EC0531 /* AlarmSettingModel.swift in Sources */ = {isa = PBXBuildFile; fileRef = 4ACA521E272FCEAA00EC0531 /* AlarmSettingModel.swift */; };
		4ACA5221272FCEAF00EC0531 /* AlarmSettingUseCase.swift in Sources */ = {isa = PBXBuildFile; fileRef = 4ACA5220272FCEAF00EC0531 /* AlarmSettingUseCase.swift */; };
		4ACA5223272FCEB500EC0531 /* AlarmSettingViewModel.swift in Sources */ = {isa = PBXBuildFile; fileRef = 4ACA5222272FCEB500EC0531 /* AlarmSettingViewModel.swift */; };
		4ACA5225272FCEBF00EC0531 /* AlarmSettingView.swift in Sources */ = {isa = PBXBuildFile; fileRef = 4ACA5224272FCEBF00EC0531 /* AlarmSettingView.swift */; };
		4ACA522B272FCED600EC0531 /* MovingStatusModel.swift in Sources */ = {isa = PBXBuildFile; fileRef = 4ACA522A272FCED600EC0531 /* MovingStatusModel.swift */; };
		4ACA522D272FCEDB00EC0531 /* MovingStatusUseCase.swift in Sources */ = {isa = PBXBuildFile; fileRef = 4ACA522C272FCEDB00EC0531 /* MovingStatusUseCase.swift */; };
		4ACA522F272FCEDF00EC0531 /* MovingStatusViewModel.swift in Sources */ = {isa = PBXBuildFile; fileRef = 4ACA522E272FCEDF00EC0531 /* MovingStatusViewModel.swift */; };
		4ACA5231272FCEE600EC0531 /* MovingStatusView.swift in Sources */ = {isa = PBXBuildFile; fileRef = 4ACA5230272FCEE600EC0531 /* MovingStatusView.swift */; };
		4ACA5233272FCF0F00EC0531 /* SearchBusViewController.swift in Sources */ = {isa = PBXBuildFile; fileRef = 4ACA5232272FCF0F00EC0531 /* SearchBusViewController.swift */; };
		4ACA5235272FCF2100EC0531 /* SearchStationViewController.swift in Sources */ = {isa = PBXBuildFile; fileRef = 4ACA5234272FCF2100EC0531 /* SearchStationViewController.swift */; };
		4ACA5237272FCF2C00EC0531 /* BusRouteViewController.swift in Sources */ = {isa = PBXBuildFile; fileRef = 4ACA5236272FCF2C00EC0531 /* BusRouteViewController.swift */; };
		4ACA5239272FCF3200EC0531 /* StationViewController.swift in Sources */ = {isa = PBXBuildFile; fileRef = 4ACA5238272FCF3200EC0531 /* StationViewController.swift */; };
		4ACA523B272FCF3C00EC0531 /* AlarmSettingViewController.swift in Sources */ = {isa = PBXBuildFile; fileRef = 4ACA523A272FCF3C00EC0531 /* AlarmSettingViewController.swift */; };
		4ACA523D272FCF4300EC0531 /* MovingStatusViewController.swift in Sources */ = {isa = PBXBuildFile; fileRef = 4ACA523C272FCF4300EC0531 /* MovingStatusViewController.swift */; };
		4ACA5245272FD52D00EC0531 /* BBusTests.swift in Sources */ = {isa = PBXBuildFile; fileRef = 4ACA5244272FD52D00EC0531 /* BBusTests.swift */; };
		87359B8B2730F0F000F461A7 /* SearchBusPushable.swift in Sources */ = {isa = PBXBuildFile; fileRef = 87359B8A2730F0F000F461A7 /* SearchBusPushable.swift */; };
		873D6396273039E100E79069 /* Coordinator.swift in Sources */ = {isa = PBXBuildFile; fileRef = 873D6395273039E100E79069 /* Coordinator.swift */; };
		873D639827303A6800E79069 /* AppCoordinator.swift in Sources */ = {isa = PBXBuildFile; fileRef = 873D639727303A6800E79069 /* AppCoordinator.swift */; };
		873D639A27303B0500E79069 /* HomeCoornicator.swift in Sources */ = {isa = PBXBuildFile; fileRef = 873D639927303B0500E79069 /* HomeCoornicator.swift */; };
		873D639C27303B5000E79069 /* SearchBusCoordinator.swift in Sources */ = {isa = PBXBuildFile; fileRef = 873D639B27303B5000E79069 /* SearchBusCoordinator.swift */; };
		87A5556C2728116400A9B5E3 /* AppDelegate.swift in Sources */ = {isa = PBXBuildFile; fileRef = 87A5556B2728116400A9B5E3 /* AppDelegate.swift */; };
		87A5556E2728116400A9B5E3 /* SceneDelegate.swift in Sources */ = {isa = PBXBuildFile; fileRef = 87A5556D2728116400A9B5E3 /* SceneDelegate.swift */; };
		87A555702728116400A9B5E3 /* HomeViewController.swift in Sources */ = {isa = PBXBuildFile; fileRef = 87A5556F2728116400A9B5E3 /* HomeViewController.swift */; };
		87A555752728116600A9B5E3 /* Assets.xcassets in Resources */ = {isa = PBXBuildFile; fileRef = 87A555742728116600A9B5E3 /* Assets.xcassets */; };
		87A555782728116600A9B5E3 /* LaunchScreen.storyboard in Resources */ = {isa = PBXBuildFile; fileRef = 87A555762728116600A9B5E3 /* LaunchScreen.storyboard */; };
/* End PBXBuildFile section */

/* Begin PBXContainerItemProxy section */
		4ACA5246272FD52D00EC0531 /* PBXContainerItemProxy */ = {
			isa = PBXContainerItemProxy;
			containerPortal = 87A555602728116400A9B5E3 /* Project object */;
			proxyType = 1;
			remoteGlobalIDString = 87A555672728116400A9B5E3;
			remoteInfo = BBus;
		};
/* End PBXContainerItemProxy section */

/* Begin PBXFileReference section */
		4A992C4627311F1C0006FB8C /* FavoriteHeaderView.swift */ = {isa = PBXFileReference; lastKnownFileType = sourcecode.swift; path = FavoriteHeaderView.swift; sourceTree = "<group>"; };
		4A992C48273124AF0006FB8C /* FavoriteTableViewCell.swift */ = {isa = PBXFileReference; lastKnownFileType = sourcecode.swift; path = FavoriteTableViewCell.swift; sourceTree = "<group>"; };
		4A992C4A273124D90006FB8C /* BusCellTrailingView.swift */ = {isa = PBXFileReference; lastKnownFileType = sourcecode.swift; path = BusCellTrailingView.swift; sourceTree = "<group>"; };
		4ACA51E2272FCD9600EC0531 /* HomeModel.swift */ = {isa = PBXFileReference; lastKnownFileType = sourcecode.swift; path = HomeModel.swift; sourceTree = "<group>"; };
		4ACA51E4272FCD9C00EC0531 /* HomeUseCase.swift */ = {isa = PBXFileReference; lastKnownFileType = sourcecode.swift; path = HomeUseCase.swift; sourceTree = "<group>"; };
		4ACA51E6272FCDA600EC0531 /* HomeViewModel.swift */ = {isa = PBXFileReference; lastKnownFileType = sourcecode.swift; path = HomeViewModel.swift; sourceTree = "<group>"; };
		4ACA51E8272FCDAE00EC0531 /* HomeView.swift */ = {isa = PBXFileReference; lastKnownFileType = sourcecode.swift; path = HomeView.swift; sourceTree = "<group>"; };
		4ACA51EE272FCDE600EC0531 /* SearchBusModel.swift */ = {isa = PBXFileReference; lastKnownFileType = sourcecode.swift; path = SearchBusModel.swift; sourceTree = "<group>"; };
		4ACA51F0272FCDF200EC0531 /* SearchBusUseCase.swift */ = {isa = PBXFileReference; lastKnownFileType = sourcecode.swift; path = SearchBusUseCase.swift; sourceTree = "<group>"; };
		4ACA51F2272FCDF900EC0531 /* SearchBusViewModel.swift */ = {isa = PBXFileReference; lastKnownFileType = sourcecode.swift; path = SearchBusViewModel.swift; sourceTree = "<group>"; };
		4ACA51F4272FCE0200EC0531 /* SearchBusView.swift */ = {isa = PBXFileReference; lastKnownFileType = sourcecode.swift; path = SearchBusView.swift; sourceTree = "<group>"; };
		4ACA51FA272FCE1D00EC0531 /* SearchStationModel.swift */ = {isa = PBXFileReference; lastKnownFileType = sourcecode.swift; path = SearchStationModel.swift; sourceTree = "<group>"; };
		4ACA51FC272FCE2200EC0531 /* SearchStationUseCase.swift */ = {isa = PBXFileReference; lastKnownFileType = sourcecode.swift; path = SearchStationUseCase.swift; sourceTree = "<group>"; };
		4ACA51FE272FCE2700EC0531 /* SearchStationViewModel.swift */ = {isa = PBXFileReference; lastKnownFileType = sourcecode.swift; path = SearchStationViewModel.swift; sourceTree = "<group>"; };
		4ACA5200272FCE3100EC0531 /* SearchStationView.swift */ = {isa = PBXFileReference; lastKnownFileType = sourcecode.swift; path = SearchStationView.swift; sourceTree = "<group>"; };
		4ACA5206272FCE5200EC0531 /* BusRouteModel.swift */ = {isa = PBXFileReference; lastKnownFileType = sourcecode.swift; path = BusRouteModel.swift; sourceTree = "<group>"; };
		4ACA5208272FCE5A00EC0531 /* BusRouteUseCase.swift */ = {isa = PBXFileReference; lastKnownFileType = sourcecode.swift; path = BusRouteUseCase.swift; sourceTree = "<group>"; };
		4ACA520A272FCE5F00EC0531 /* BusRouteViewModel.swift */ = {isa = PBXFileReference; lastKnownFileType = sourcecode.swift; path = BusRouteViewModel.swift; sourceTree = "<group>"; };
		4ACA520C272FCE6500EC0531 /* BusRouteView.swift */ = {isa = PBXFileReference; lastKnownFileType = sourcecode.swift; path = BusRouteView.swift; sourceTree = "<group>"; };
		4ACA5212272FCE8500EC0531 /* StationModel.swift */ = {isa = PBXFileReference; lastKnownFileType = sourcecode.swift; path = StationModel.swift; sourceTree = "<group>"; };
		4ACA5214272FCE8A00EC0531 /* StationUseCase.swift */ = {isa = PBXFileReference; lastKnownFileType = sourcecode.swift; path = StationUseCase.swift; sourceTree = "<group>"; };
		4ACA5216272FCE8E00EC0531 /* StationViewModel.swift */ = {isa = PBXFileReference; lastKnownFileType = sourcecode.swift; path = StationViewModel.swift; sourceTree = "<group>"; };
		4ACA5218272FCE9500EC0531 /* StationView.swift */ = {isa = PBXFileReference; lastKnownFileType = sourcecode.swift; path = StationView.swift; sourceTree = "<group>"; };
		4ACA521E272FCEAA00EC0531 /* AlarmSettingModel.swift */ = {isa = PBXFileReference; lastKnownFileType = sourcecode.swift; path = AlarmSettingModel.swift; sourceTree = "<group>"; };
		4ACA5220272FCEAF00EC0531 /* AlarmSettingUseCase.swift */ = {isa = PBXFileReference; lastKnownFileType = sourcecode.swift; path = AlarmSettingUseCase.swift; sourceTree = "<group>"; };
		4ACA5222272FCEB500EC0531 /* AlarmSettingViewModel.swift */ = {isa = PBXFileReference; lastKnownFileType = sourcecode.swift; path = AlarmSettingViewModel.swift; sourceTree = "<group>"; };
		4ACA5224272FCEBF00EC0531 /* AlarmSettingView.swift */ = {isa = PBXFileReference; lastKnownFileType = sourcecode.swift; path = AlarmSettingView.swift; sourceTree = "<group>"; };
		4ACA522A272FCED600EC0531 /* MovingStatusModel.swift */ = {isa = PBXFileReference; lastKnownFileType = sourcecode.swift; path = MovingStatusModel.swift; sourceTree = "<group>"; };
		4ACA522C272FCEDB00EC0531 /* MovingStatusUseCase.swift */ = {isa = PBXFileReference; lastKnownFileType = sourcecode.swift; path = MovingStatusUseCase.swift; sourceTree = "<group>"; };
		4ACA522E272FCEDF00EC0531 /* MovingStatusViewModel.swift */ = {isa = PBXFileReference; lastKnownFileType = sourcecode.swift; path = MovingStatusViewModel.swift; sourceTree = "<group>"; };
		4ACA5230272FCEE600EC0531 /* MovingStatusView.swift */ = {isa = PBXFileReference; lastKnownFileType = sourcecode.swift; path = MovingStatusView.swift; sourceTree = "<group>"; };
		4ACA5232272FCF0F00EC0531 /* SearchBusViewController.swift */ = {isa = PBXFileReference; lastKnownFileType = sourcecode.swift; path = SearchBusViewController.swift; sourceTree = "<group>"; };
		4ACA5234272FCF2100EC0531 /* SearchStationViewController.swift */ = {isa = PBXFileReference; lastKnownFileType = sourcecode.swift; path = SearchStationViewController.swift; sourceTree = "<group>"; };
		4ACA5236272FCF2C00EC0531 /* BusRouteViewController.swift */ = {isa = PBXFileReference; lastKnownFileType = sourcecode.swift; path = BusRouteViewController.swift; sourceTree = "<group>"; };
		4ACA5238272FCF3200EC0531 /* StationViewController.swift */ = {isa = PBXFileReference; lastKnownFileType = sourcecode.swift; path = StationViewController.swift; sourceTree = "<group>"; };
		4ACA523A272FCF3C00EC0531 /* AlarmSettingViewController.swift */ = {isa = PBXFileReference; lastKnownFileType = sourcecode.swift; path = AlarmSettingViewController.swift; sourceTree = "<group>"; };
		4ACA523C272FCF4300EC0531 /* MovingStatusViewController.swift */ = {isa = PBXFileReference; lastKnownFileType = sourcecode.swift; path = MovingStatusViewController.swift; sourceTree = "<group>"; };
		4ACA5242272FD52D00EC0531 /* BBusTests.xctest */ = {isa = PBXFileReference; explicitFileType = wrapper.cfbundle; includeInIndex = 0; path = BBusTests.xctest; sourceTree = BUILT_PRODUCTS_DIR; };
		4ACA5244272FD52D00EC0531 /* BBusTests.swift */ = {isa = PBXFileReference; lastKnownFileType = sourcecode.swift; path = BBusTests.swift; sourceTree = "<group>"; };
		87359B8A2730F0F000F461A7 /* SearchBusPushable.swift */ = {isa = PBXFileReference; lastKnownFileType = sourcecode.swift; path = SearchBusPushable.swift; sourceTree = "<group>"; };
		873D6395273039E100E79069 /* Coordinator.swift */ = {isa = PBXFileReference; lastKnownFileType = sourcecode.swift; path = Coordinator.swift; sourceTree = "<group>"; };
		873D639727303A6800E79069 /* AppCoordinator.swift */ = {isa = PBXFileReference; lastKnownFileType = sourcecode.swift; path = AppCoordinator.swift; sourceTree = "<group>"; };
		873D639927303B0500E79069 /* HomeCoornicator.swift */ = {isa = PBXFileReference; lastKnownFileType = sourcecode.swift; path = HomeCoornicator.swift; sourceTree = "<group>"; };
		873D639B27303B5000E79069 /* SearchBusCoordinator.swift */ = {isa = PBXFileReference; lastKnownFileType = sourcecode.swift; path = SearchBusCoordinator.swift; sourceTree = "<group>"; };
		87A555682728116400A9B5E3 /* BBus.app */ = {isa = PBXFileReference; explicitFileType = wrapper.application; includeInIndex = 0; path = BBus.app; sourceTree = BUILT_PRODUCTS_DIR; };
		87A5556B2728116400A9B5E3 /* AppDelegate.swift */ = {isa = PBXFileReference; lastKnownFileType = sourcecode.swift; path = AppDelegate.swift; sourceTree = "<group>"; };
		87A5556D2728116400A9B5E3 /* SceneDelegate.swift */ = {isa = PBXFileReference; lastKnownFileType = sourcecode.swift; path = SceneDelegate.swift; sourceTree = "<group>"; };
		87A5556F2728116400A9B5E3 /* HomeViewController.swift */ = {isa = PBXFileReference; lastKnownFileType = sourcecode.swift; path = HomeViewController.swift; sourceTree = "<group>"; };
		87A555742728116600A9B5E3 /* Assets.xcassets */ = {isa = PBXFileReference; lastKnownFileType = folder.assetcatalog; path = Assets.xcassets; sourceTree = "<group>"; };
		87A555772728116600A9B5E3 /* Base */ = {isa = PBXFileReference; lastKnownFileType = file.storyboard; name = Base; path = Base.lproj/LaunchScreen.storyboard; sourceTree = "<group>"; };
		87A555792728116600A9B5E3 /* Info.plist */ = {isa = PBXFileReference; lastKnownFileType = text.plist.xml; path = Info.plist; sourceTree = "<group>"; };
/* End PBXFileReference section */

/* Begin PBXFrameworksBuildPhase section */
		4ACA523F272FD52D00EC0531 /* Frameworks */ = {
			isa = PBXFrameworksBuildPhase;
			buildActionMask = 2147483647;
			files = (
			);
			runOnlyForDeploymentPostprocessing = 0;
		};
		87A555652728116400A9B5E3 /* Frameworks */ = {
			isa = PBXFrameworksBuildPhase;
			buildActionMask = 2147483647;
			files = (
			);
			runOnlyForDeploymentPostprocessing = 0;
		};
/* End PBXFrameworksBuildPhase section */

/* Begin PBXGroup section */
		4ACA51D7272FCC4E00EC0531 /* Home */ = {
			isa = PBXGroup;
			children = (
				87A5556F2728116400A9B5E3 /* HomeViewController.swift */,
				873D639927303B0500E79069 /* HomeCoornicator.swift */,
				4ACA51E1272FCD7900EC0531 /* Model */,
				4ACA51E0272FCD7100EC0531 /* UseCase */,
				4ACA51DF272FCD6B00EC0531 /* ViewModel */,
				4ACA51DE272FCD6300EC0531 /* View */,
			);
			path = Home;
			sourceTree = "<group>";
		};
		4ACA51D8272FCC5A00EC0531 /* SearchBus */ = {
			isa = PBXGroup;
			children = (
				4ACA5232272FCF0F00EC0531 /* SearchBusViewController.swift */,
				873D639B27303B5000E79069 /* SearchBusCoordinator.swift */,
				4ACA51ED272FCDD900EC0531 /* Model */,
				4ACA51EC272FCDD000EC0531 /* UseCase */,
				4ACA51EB272FCDCA00EC0531 /* ViewModel */,
				4ACA51EA272FCDBE00EC0531 /* View */,
			);
			path = SearchBus;
			sourceTree = "<group>";
		};
		4ACA51D9272FCC8600EC0531 /* SearchStation */ = {
			isa = PBXGroup;
			children = (
				4ACA5234272FCF2100EC0531 /* SearchStationViewController.swift */,
				4ACA51F9272FCE1100EC0531 /* Model */,
				4ACA51F8272FCE0E00EC0531 /* UseCase */,
				4ACA51F7272FCE0B00EC0531 /* ViewModel */,
				4ACA51F6272FCE0800EC0531 /* View */,
			);
			path = SearchStation;
			sourceTree = "<group>";
		};
		4ACA51DA272FCCA600EC0531 /* BusRoute */ = {
			isa = PBXGroup;
			children = (
				4ACA5236272FCF2C00EC0531 /* BusRouteViewController.swift */,
				4ACA5205272FCE3C00EC0531 /* Model */,
				4ACA5204272FCE3900EC0531 /* UseCase */,
				4ACA5203272FCE3700EC0531 /* ViewModel */,
				4ACA5202272FCE3400EC0531 /* View */,
			);
			path = BusRoute;
			sourceTree = "<group>";
		};
		4ACA51DB272FCCB300EC0531 /* Station */ = {
			isa = PBXGroup;
			children = (
				4ACA5238272FCF3200EC0531 /* StationViewController.swift */,
				4ACA5211272FCE7100EC0531 /* Model */,
				4ACA5210272FCE6E00EC0531 /* UseCase */,
				4ACA520F272FCE6B00EC0531 /* ViewModel */,
				4ACA520E272FCE6900EC0531 /* View */,
			);
			path = Station;
			sourceTree = "<group>";
		};
		4ACA51DC272FCCC100EC0531 /* AlarmSetting */ = {
			isa = PBXGroup;
			children = (
				4ACA523A272FCF3C00EC0531 /* AlarmSettingViewController.swift */,
				4ACA521D272FCEA000EC0531 /* Model */,
				4ACA521C272FCE9E00EC0531 /* UseCase */,
				4ACA521B272FCE9A00EC0531 /* ViewModel */,
				4ACA521A272FCE9900EC0531 /* View */,
			);
			path = AlarmSetting;
			sourceTree = "<group>";
		};
		4ACA51DD272FCCCC00EC0531 /* MovingStatus */ = {
			isa = PBXGroup;
			children = (
				4ACA523C272FCF4300EC0531 /* MovingStatusViewController.swift */,
				4ACA5229272FCECB00EC0531 /* Model */,
				4ACA5228272FCEC800EC0531 /* UseCase */,
				4ACA5227272FCEC400EC0531 /* ViewModel */,
				4ACA5226272FCEC100EC0531 /* View */,
			);
			path = MovingStatus;
			sourceTree = "<group>";
		};
		4ACA51DE272FCD6300EC0531 /* View */ = {
			isa = PBXGroup;
			children = (
				4ACA51E8272FCDAE00EC0531 /* HomeView.swift */,
				4A992C4627311F1C0006FB8C /* FavoriteHeaderView.swift */,
				4A992C48273124AF0006FB8C /* FavoriteTableViewCell.swift */,
				4A992C4A273124D90006FB8C /* BusCellTrailingView.swift */,
			);
			path = View;
			sourceTree = "<group>";
		};
		4ACA51DF272FCD6B00EC0531 /* ViewModel */ = {
			isa = PBXGroup;
			children = (
				4ACA51E6272FCDA600EC0531 /* HomeViewModel.swift */,
			);
			path = ViewModel;
			sourceTree = "<group>";
		};
		4ACA51E0272FCD7100EC0531 /* UseCase */ = {
			isa = PBXGroup;
			children = (
				4ACA51E4272FCD9C00EC0531 /* HomeUseCase.swift */,
			);
			path = UseCase;
			sourceTree = "<group>";
		};
		4ACA51E1272FCD7900EC0531 /* Model */ = {
			isa = PBXGroup;
			children = (
				4ACA51E2272FCD9600EC0531 /* HomeModel.swift */,
			);
			path = Model;
			sourceTree = "<group>";
		};
		4ACA51EA272FCDBE00EC0531 /* View */ = {
			isa = PBXGroup;
			children = (
				4ACA51F4272FCE0200EC0531 /* SearchBusView.swift */,
			);
			path = View;
			sourceTree = "<group>";
		};
		4ACA51EB272FCDCA00EC0531 /* ViewModel */ = {
			isa = PBXGroup;
			children = (
				4ACA51F2272FCDF900EC0531 /* SearchBusViewModel.swift */,
			);
			path = ViewModel;
			sourceTree = "<group>";
		};
		4ACA51EC272FCDD000EC0531 /* UseCase */ = {
			isa = PBXGroup;
			children = (
				4ACA51F0272FCDF200EC0531 /* SearchBusUseCase.swift */,
			);
			path = UseCase;
			sourceTree = "<group>";
		};
		4ACA51ED272FCDD900EC0531 /* Model */ = {
			isa = PBXGroup;
			children = (
				4ACA51EE272FCDE600EC0531 /* SearchBusModel.swift */,
			);
			path = Model;
			sourceTree = "<group>";
		};
		4ACA51F6272FCE0800EC0531 /* View */ = {
			isa = PBXGroup;
			children = (
				4ACA5200272FCE3100EC0531 /* SearchStationView.swift */,
			);
			path = View;
			sourceTree = "<group>";
		};
		4ACA51F7272FCE0B00EC0531 /* ViewModel */ = {
			isa = PBXGroup;
			children = (
				4ACA51FE272FCE2700EC0531 /* SearchStationViewModel.swift */,
			);
			path = ViewModel;
			sourceTree = "<group>";
		};
		4ACA51F8272FCE0E00EC0531 /* UseCase */ = {
			isa = PBXGroup;
			children = (
				4ACA51FC272FCE2200EC0531 /* SearchStationUseCase.swift */,
			);
			path = UseCase;
			sourceTree = "<group>";
		};
		4ACA51F9272FCE1100EC0531 /* Model */ = {
			isa = PBXGroup;
			children = (
				4ACA51FA272FCE1D00EC0531 /* SearchStationModel.swift */,
			);
			path = Model;
			sourceTree = "<group>";
		};
		4ACA5202272FCE3400EC0531 /* View */ = {
			isa = PBXGroup;
			children = (
				4ACA520C272FCE6500EC0531 /* BusRouteView.swift */,
			);
			path = View;
			sourceTree = "<group>";
		};
		4ACA5203272FCE3700EC0531 /* ViewModel */ = {
			isa = PBXGroup;
			children = (
				4ACA520A272FCE5F00EC0531 /* BusRouteViewModel.swift */,
			);
			path = ViewModel;
			sourceTree = "<group>";
		};
		4ACA5204272FCE3900EC0531 /* UseCase */ = {
			isa = PBXGroup;
			children = (
				4ACA5208272FCE5A00EC0531 /* BusRouteUseCase.swift */,
			);
			path = UseCase;
			sourceTree = "<group>";
		};
		4ACA5205272FCE3C00EC0531 /* Model */ = {
			isa = PBXGroup;
			children = (
				4ACA5206272FCE5200EC0531 /* BusRouteModel.swift */,
			);
			path = Model;
			sourceTree = "<group>";
		};
		4ACA520E272FCE6900EC0531 /* View */ = {
			isa = PBXGroup;
			children = (
				4ACA5218272FCE9500EC0531 /* StationView.swift */,
			);
			path = View;
			sourceTree = "<group>";
		};
		4ACA520F272FCE6B00EC0531 /* ViewModel */ = {
			isa = PBXGroup;
			children = (
				4ACA5216272FCE8E00EC0531 /* StationViewModel.swift */,
			);
			path = ViewModel;
			sourceTree = "<group>";
		};
		4ACA5210272FCE6E00EC0531 /* UseCase */ = {
			isa = PBXGroup;
			children = (
				4ACA5214272FCE8A00EC0531 /* StationUseCase.swift */,
			);
			path = UseCase;
			sourceTree = "<group>";
		};
		4ACA5211272FCE7100EC0531 /* Model */ = {
			isa = PBXGroup;
			children = (
				4ACA5212272FCE8500EC0531 /* StationModel.swift */,
			);
			path = Model;
			sourceTree = "<group>";
		};
		4ACA521A272FCE9900EC0531 /* View */ = {
			isa = PBXGroup;
			children = (
				4ACA5224272FCEBF00EC0531 /* AlarmSettingView.swift */,
			);
			path = View;
			sourceTree = "<group>";
		};
		4ACA521B272FCE9A00EC0531 /* ViewModel */ = {
			isa = PBXGroup;
			children = (
				4ACA5222272FCEB500EC0531 /* AlarmSettingViewModel.swift */,
			);
			path = ViewModel;
			sourceTree = "<group>";
		};
		4ACA521C272FCE9E00EC0531 /* UseCase */ = {
			isa = PBXGroup;
			children = (
				4ACA5220272FCEAF00EC0531 /* AlarmSettingUseCase.swift */,
			);
			path = UseCase;
			sourceTree = "<group>";
		};
		4ACA521D272FCEA000EC0531 /* Model */ = {
			isa = PBXGroup;
			children = (
				4ACA521E272FCEAA00EC0531 /* AlarmSettingModel.swift */,
			);
			path = Model;
			sourceTree = "<group>";
		};
		4ACA5226272FCEC100EC0531 /* View */ = {
			isa = PBXGroup;
			children = (
				4ACA5230272FCEE600EC0531 /* MovingStatusView.swift */,
			);
			path = View;
			sourceTree = "<group>";
		};
		4ACA5227272FCEC400EC0531 /* ViewModel */ = {
			isa = PBXGroup;
			children = (
				4ACA522E272FCEDF00EC0531 /* MovingStatusViewModel.swift */,
			);
			path = ViewModel;
			sourceTree = "<group>";
		};
		4ACA5228272FCEC800EC0531 /* UseCase */ = {
			isa = PBXGroup;
			children = (
				4ACA522C272FCEDB00EC0531 /* MovingStatusUseCase.swift */,
			);
			path = UseCase;
			sourceTree = "<group>";
		};
		4ACA5229272FCECB00EC0531 /* Model */ = {
			isa = PBXGroup;
			children = (
				4ACA522A272FCED600EC0531 /* MovingStatusModel.swift */,
			);
			path = Model;
			sourceTree = "<group>";
		};
		4ACA5243272FD52D00EC0531 /* BBusTests */ = {
			isa = PBXGroup;
			children = (
				4ACA5244272FD52D00EC0531 /* BBusTests.swift */,
			);
			path = BBusTests;
			sourceTree = "<group>";
		};
		873D6394273039C400E79069 /* Coordinator */ = {
			isa = PBXGroup;
			children = (
				873D6395273039E100E79069 /* Coordinator.swift */,
				873D639727303A6800E79069 /* AppCoordinator.swift */,
				87359B8A2730F0F000F461A7 /* SearchBusPushable.swift */,
			);
			path = Coordinator;
			sourceTree = "<group>";
		};
		87A5555F2728116400A9B5E3 = {
			isa = PBXGroup;
			children = (
				87A5556A2728116400A9B5E3 /* BBus */,
				4ACA5243272FD52D00EC0531 /* BBusTests */,
				87A555692728116400A9B5E3 /* Products */,
			);
			sourceTree = "<group>";
		};
		87A555692728116400A9B5E3 /* Products */ = {
			isa = PBXGroup;
			children = (
				87A555682728116400A9B5E3 /* BBus.app */,
				4ACA5242272FD52D00EC0531 /* BBusTests.xctest */,
			);
			name = Products;
			sourceTree = "<group>";
		};
		87A5556A2728116400A9B5E3 /* BBus */ = {
			isa = PBXGroup;
			children = (
				873D6394273039C400E79069 /* Coordinator */,
				4ACA51D7272FCC4E00EC0531 /* Home */,
				4ACA51D8272FCC5A00EC0531 /* SearchBus */,
				4ACA51D9272FCC8600EC0531 /* SearchStation */,
				4ACA51DA272FCCA600EC0531 /* BusRoute */,
				4ACA51DB272FCCB300EC0531 /* Station */,
				4ACA51DC272FCCC100EC0531 /* AlarmSetting */,
				4ACA51DD272FCCCC00EC0531 /* MovingStatus */,
				87A5556B2728116400A9B5E3 /* AppDelegate.swift */,
				87A5556D2728116400A9B5E3 /* SceneDelegate.swift */,
				87A555742728116600A9B5E3 /* Assets.xcassets */,
				87A555762728116600A9B5E3 /* LaunchScreen.storyboard */,
				87A555792728116600A9B5E3 /* Info.plist */,
			);
			path = BBus;
			sourceTree = "<group>";
		};
/* End PBXGroup section */

/* Begin PBXNativeTarget section */
		4ACA5241272FD52D00EC0531 /* BBusTests */ = {
			isa = PBXNativeTarget;
			buildConfigurationList = 4ACA5248272FD52D00EC0531 /* Build configuration list for PBXNativeTarget "BBusTests" */;
			buildPhases = (
				4ACA523E272FD52D00EC0531 /* Sources */,
				4ACA523F272FD52D00EC0531 /* Frameworks */,
				4ACA5240272FD52D00EC0531 /* Resources */,
			);
			buildRules = (
			);
			dependencies = (
				4ACA5247272FD52D00EC0531 /* PBXTargetDependency */,
			);
			name = BBusTests;
			productName = BBusTests;
			productReference = 4ACA5242272FD52D00EC0531 /* BBusTests.xctest */;
			productType = "com.apple.product-type.bundle.unit-test";
		};
		87A555672728116400A9B5E3 /* BBus */ = {
			isa = PBXNativeTarget;
			buildConfigurationList = 87A5557C2728116600A9B5E3 /* Build configuration list for PBXNativeTarget "BBus" */;
			buildPhases = (
				87A555642728116400A9B5E3 /* Sources */,
				87A555652728116400A9B5E3 /* Frameworks */,
				87A555662728116400A9B5E3 /* Resources */,
			);
			buildRules = (
			);
			dependencies = (
			);
			name = BBus;
			productName = BBus;
			productReference = 87A555682728116400A9B5E3 /* BBus.app */;
			productType = "com.apple.product-type.application";
		};
/* End PBXNativeTarget section */

/* Begin PBXProject section */
		87A555602728116400A9B5E3 /* Project object */ = {
			isa = PBXProject;
			attributes = {
				BuildIndependentTargetsInParallel = 1;
				LastSwiftUpdateCheck = 1310;
				LastUpgradeCheck = 1300;
				TargetAttributes = {
					4ACA5241272FD52D00EC0531 = {
						CreatedOnToolsVersion = 13.1;
						TestTargetID = 87A555672728116400A9B5E3;
					};
					87A555672728116400A9B5E3 = {
						CreatedOnToolsVersion = 13.0;
					};
				};
			};
			buildConfigurationList = 87A555632728116400A9B5E3 /* Build configuration list for PBXProject "BBus" */;
			compatibilityVersion = "Xcode 13.0";
			developmentRegion = en;
			hasScannedForEncodings = 0;
			knownRegions = (
				en,
				Base,
			);
			mainGroup = 87A5555F2728116400A9B5E3;
			productRefGroup = 87A555692728116400A9B5E3 /* Products */;
			projectDirPath = "";
			projectRoot = "";
			targets = (
				87A555672728116400A9B5E3 /* BBus */,
				4ACA5241272FD52D00EC0531 /* BBusTests */,
			);
		};
/* End PBXProject section */

/* Begin PBXResourcesBuildPhase section */
		4ACA5240272FD52D00EC0531 /* Resources */ = {
			isa = PBXResourcesBuildPhase;
			buildActionMask = 2147483647;
			files = (
			);
			runOnlyForDeploymentPostprocessing = 0;
		};
		87A555662728116400A9B5E3 /* Resources */ = {
			isa = PBXResourcesBuildPhase;
			buildActionMask = 2147483647;
			files = (
				87A555782728116600A9B5E3 /* LaunchScreen.storyboard in Resources */,
				87A555752728116600A9B5E3 /* Assets.xcassets in Resources */,
			);
			runOnlyForDeploymentPostprocessing = 0;
		};
/* End PBXResourcesBuildPhase section */

/* Begin PBXSourcesBuildPhase section */
		4ACA523E272FD52D00EC0531 /* Sources */ = {
			isa = PBXSourcesBuildPhase;
			buildActionMask = 2147483647;
			files = (
				4ACA5245272FD52D00EC0531 /* BBusTests.swift in Sources */,
			);
			runOnlyForDeploymentPostprocessing = 0;
		};
		87A555642728116400A9B5E3 /* Sources */ = {
			isa = PBXSourcesBuildPhase;
			buildActionMask = 2147483647;
			files = (
				4ACA5231272FCEE600EC0531 /* MovingStatusView.swift in Sources */,
				4ACA51EF272FCDE600EC0531 /* SearchBusModel.swift in Sources */,
				4ACA523B272FCF3C00EC0531 /* AlarmSettingViewController.swift in Sources */,
				4ACA5221272FCEAF00EC0531 /* AlarmSettingUseCase.swift in Sources */,
				4ACA51F1272FCDF200EC0531 /* SearchBusUseCase.swift in Sources */,
				4ACA5239272FCF3200EC0531 /* StationViewController.swift in Sources */,
				873D6396273039E100E79069 /* Coordinator.swift in Sources */,
				4ACA51F5272FCE0200EC0531 /* SearchBusView.swift in Sources */,
				4ACA520D272FCE6500EC0531 /* BusRouteView.swift in Sources */,
				4ACA51E3272FCD9600EC0531 /* HomeModel.swift in Sources */,
				4ACA51E9272FCDAE00EC0531 /* HomeView.swift in Sources */,
				4ACA521F272FCEAA00EC0531 /* AlarmSettingModel.swift in Sources */,
				4ACA5225272FCEBF00EC0531 /* AlarmSettingView.swift in Sources */,
				4ACA51E7272FCDA600EC0531 /* HomeViewModel.swift in Sources */,
				4ACA5237272FCF2C00EC0531 /* BusRouteViewController.swift in Sources */,
				873D639827303A6800E79069 /* AppCoordinator.swift in Sources */,
				4ACA5217272FCE8E00EC0531 /* StationViewModel.swift in Sources */,
				4ACA51F3272FCDF900EC0531 /* SearchBusViewModel.swift in Sources */,
				87A555702728116400A9B5E3 /* HomeViewController.swift in Sources */,
				4ACA5207272FCE5200EC0531 /* BusRouteModel.swift in Sources */,
				4A992C4727311F1C0006FB8C /* FavoriteHeaderView.swift in Sources */,
				4A992C49273124AF0006FB8C /* FavoriteTableViewCell.swift in Sources */,
				87359B8B2730F0F000F461A7 /* SearchBusPushable.swift in Sources */,
				873D639A27303B0500E79069 /* HomeCoornicator.swift in Sources */,
				4ACA5201272FCE3100EC0531 /* SearchStationView.swift in Sources */,
				4ACA5215272FCE8A00EC0531 /* StationUseCase.swift in Sources */,
				4ACA51FB272FCE1D00EC0531 /* SearchStationModel.swift in Sources */,
				4ACA5213272FCE8500EC0531 /* StationModel.swift in Sources */,
				4ACA523D272FCF4300EC0531 /* MovingStatusViewController.swift in Sources */,
				4A992C4B273124D90006FB8C /* BusCellTrailingView.swift in Sources */,
				4ACA5223272FCEB500EC0531 /* AlarmSettingViewModel.swift in Sources */,
				4ACA5235272FCF2100EC0531 /* SearchStationViewController.swift in Sources */,
				873D639C27303B5000E79069 /* SearchBusCoordinator.swift in Sources */,
				4ACA5219272FCE9500EC0531 /* StationView.swift in Sources */,
				4ACA522D272FCEDB00EC0531 /* MovingStatusUseCase.swift in Sources */,
				4ACA5209272FCE5A00EC0531 /* BusRouteUseCase.swift in Sources */,
				4ACA5233272FCF0F00EC0531 /* SearchBusViewController.swift in Sources */,
				4ACA51FF272FCE2700EC0531 /* SearchStationViewModel.swift in Sources */,
				87A5556C2728116400A9B5E3 /* AppDelegate.swift in Sources */,
				4ACA522B272FCED600EC0531 /* MovingStatusModel.swift in Sources */,
				4ACA51FD272FCE2200EC0531 /* SearchStationUseCase.swift in Sources */,
				87A5556E2728116400A9B5E3 /* SceneDelegate.swift in Sources */,
				4ACA51E5272FCD9C00EC0531 /* HomeUseCase.swift in Sources */,
				4ACA522F272FCEDF00EC0531 /* MovingStatusViewModel.swift in Sources */,
				4ACA520B272FCE5F00EC0531 /* BusRouteViewModel.swift in Sources */,
			);
			runOnlyForDeploymentPostprocessing = 0;
		};
/* End PBXSourcesBuildPhase section */

/* Begin PBXTargetDependency section */
		4ACA5247272FD52D00EC0531 /* PBXTargetDependency */ = {
			isa = PBXTargetDependency;
			target = 87A555672728116400A9B5E3 /* BBus */;
			targetProxy = 4ACA5246272FD52D00EC0531 /* PBXContainerItemProxy */;
		};
/* End PBXTargetDependency section */

/* Begin PBXVariantGroup section */
		87A555762728116600A9B5E3 /* LaunchScreen.storyboard */ = {
			isa = PBXVariantGroup;
			children = (
				87A555772728116600A9B5E3 /* Base */,
			);
			name = LaunchScreen.storyboard;
			sourceTree = "<group>";
		};
/* End PBXVariantGroup section */

/* Begin XCBuildConfiguration section */
		4ACA5249272FD52D00EC0531 /* Debug */ = {
			isa = XCBuildConfiguration;
			buildSettings = {
				BUNDLE_LOADER = "$(TEST_HOST)";
				CODE_SIGN_STYLE = Automatic;
				CURRENT_PROJECT_VERSION = 1;
				DEVELOPMENT_TEAM = NJ72J269P7;
				GENERATE_INFOPLIST_FILE = YES;
				LD_RUNPATH_SEARCH_PATHS = (
					"$(inherited)",
					"@executable_path/Frameworks",
					"@loader_path/Frameworks",
				);
				MARKETING_VERSION = 1.0;
				PRODUCT_BUNDLE_IDENTIFIER = "com.boostcamp.ios-009.BBus.BBusTests";
				PRODUCT_NAME = "$(TARGET_NAME)";
				SWIFT_EMIT_LOC_STRINGS = NO;
				SWIFT_VERSION = 5.0;
				TARGETED_DEVICE_FAMILY = "1,2";
				TEST_HOST = "$(BUILT_PRODUCTS_DIR)/BBus.app/BBus";
			};
			name = Debug;
		};
		4ACA524A272FD52D00EC0531 /* Release */ = {
			isa = XCBuildConfiguration;
			buildSettings = {
				BUNDLE_LOADER = "$(TEST_HOST)";
				CODE_SIGN_STYLE = Automatic;
				CURRENT_PROJECT_VERSION = 1;
				DEVELOPMENT_TEAM = NJ72J269P7;
				GENERATE_INFOPLIST_FILE = YES;
				LD_RUNPATH_SEARCH_PATHS = (
					"$(inherited)",
					"@executable_path/Frameworks",
					"@loader_path/Frameworks",
				);
				MARKETING_VERSION = 1.0;
				PRODUCT_BUNDLE_IDENTIFIER = "com.boostcamp.ios-009.BBus.BBusTests";
				PRODUCT_NAME = "$(TARGET_NAME)";
				SWIFT_EMIT_LOC_STRINGS = NO;
				SWIFT_VERSION = 5.0;
				TARGETED_DEVICE_FAMILY = "1,2";
				TEST_HOST = "$(BUILT_PRODUCTS_DIR)/BBus.app/BBus";
			};
			name = Release;
		};
		87A5557A2728116600A9B5E3 /* Debug */ = {
			isa = XCBuildConfiguration;
			buildSettings = {
				ALWAYS_SEARCH_USER_PATHS = NO;
				CLANG_ANALYZER_NONNULL = YES;
				CLANG_ANALYZER_NUMBER_OBJECT_CONVERSION = YES_AGGRESSIVE;
				CLANG_CXX_LANGUAGE_STANDARD = "gnu++17";
				CLANG_CXX_LIBRARY = "libc++";
				CLANG_ENABLE_MODULES = YES;
				CLANG_ENABLE_OBJC_ARC = YES;
				CLANG_ENABLE_OBJC_WEAK = YES;
				CLANG_WARN_BLOCK_CAPTURE_AUTORELEASING = YES;
				CLANG_WARN_BOOL_CONVERSION = YES;
				CLANG_WARN_COMMA = YES;
				CLANG_WARN_CONSTANT_CONVERSION = YES;
				CLANG_WARN_DEPRECATED_OBJC_IMPLEMENTATIONS = YES;
				CLANG_WARN_DIRECT_OBJC_ISA_USAGE = YES_ERROR;
				CLANG_WARN_DOCUMENTATION_COMMENTS = YES;
				CLANG_WARN_EMPTY_BODY = YES;
				CLANG_WARN_ENUM_CONVERSION = YES;
				CLANG_WARN_INFINITE_RECURSION = YES;
				CLANG_WARN_INT_CONVERSION = YES;
				CLANG_WARN_NON_LITERAL_NULL_CONVERSION = YES;
				CLANG_WARN_OBJC_IMPLICIT_RETAIN_SELF = YES;
				CLANG_WARN_OBJC_LITERAL_CONVERSION = YES;
				CLANG_WARN_OBJC_ROOT_CLASS = YES_ERROR;
				CLANG_WARN_QUOTED_INCLUDE_IN_FRAMEWORK_HEADER = YES;
				CLANG_WARN_RANGE_LOOP_ANALYSIS = YES;
				CLANG_WARN_STRICT_PROTOTYPES = YES;
				CLANG_WARN_SUSPICIOUS_MOVE = YES;
				CLANG_WARN_UNGUARDED_AVAILABILITY = YES_AGGRESSIVE;
				CLANG_WARN_UNREACHABLE_CODE = YES;
				CLANG_WARN__DUPLICATE_METHOD_MATCH = YES;
				COPY_PHASE_STRIP = NO;
				DEBUG_INFORMATION_FORMAT = dwarf;
				ENABLE_STRICT_OBJC_MSGSEND = YES;
				ENABLE_TESTABILITY = YES;
				GCC_C_LANGUAGE_STANDARD = gnu11;
				GCC_DYNAMIC_NO_PIC = NO;
				GCC_NO_COMMON_BLOCKS = YES;
				GCC_OPTIMIZATION_LEVEL = 0;
				GCC_PREPROCESSOR_DEFINITIONS = (
					"DEBUG=1",
					"$(inherited)",
				);
				GCC_WARN_64_TO_32_BIT_CONVERSION = YES;
				GCC_WARN_ABOUT_RETURN_TYPE = YES_ERROR;
				GCC_WARN_UNDECLARED_SELECTOR = YES;
				GCC_WARN_UNINITIALIZED_AUTOS = YES_AGGRESSIVE;
				GCC_WARN_UNUSED_FUNCTION = YES;
				GCC_WARN_UNUSED_VARIABLE = YES;
				IPHONEOS_DEPLOYMENT_TARGET = 14.4;
				MTL_ENABLE_DEBUG_INFO = INCLUDE_SOURCE;
				MTL_FAST_MATH = YES;
				ONLY_ACTIVE_ARCH = YES;
				SDKROOT = iphoneos;
				SWIFT_ACTIVE_COMPILATION_CONDITIONS = DEBUG;
				SWIFT_OPTIMIZATION_LEVEL = "-Onone";
			};
			name = Debug;
		};
		87A5557B2728116600A9B5E3 /* Release */ = {
			isa = XCBuildConfiguration;
			buildSettings = {
				ALWAYS_SEARCH_USER_PATHS = NO;
				CLANG_ANALYZER_NONNULL = YES;
				CLANG_ANALYZER_NUMBER_OBJECT_CONVERSION = YES_AGGRESSIVE;
				CLANG_CXX_LANGUAGE_STANDARD = "gnu++17";
				CLANG_CXX_LIBRARY = "libc++";
				CLANG_ENABLE_MODULES = YES;
				CLANG_ENABLE_OBJC_ARC = YES;
				CLANG_ENABLE_OBJC_WEAK = YES;
				CLANG_WARN_BLOCK_CAPTURE_AUTORELEASING = YES;
				CLANG_WARN_BOOL_CONVERSION = YES;
				CLANG_WARN_COMMA = YES;
				CLANG_WARN_CONSTANT_CONVERSION = YES;
				CLANG_WARN_DEPRECATED_OBJC_IMPLEMENTATIONS = YES;
				CLANG_WARN_DIRECT_OBJC_ISA_USAGE = YES_ERROR;
				CLANG_WARN_DOCUMENTATION_COMMENTS = YES;
				CLANG_WARN_EMPTY_BODY = YES;
				CLANG_WARN_ENUM_CONVERSION = YES;
				CLANG_WARN_INFINITE_RECURSION = YES;
				CLANG_WARN_INT_CONVERSION = YES;
				CLANG_WARN_NON_LITERAL_NULL_CONVERSION = YES;
				CLANG_WARN_OBJC_IMPLICIT_RETAIN_SELF = YES;
				CLANG_WARN_OBJC_LITERAL_CONVERSION = YES;
				CLANG_WARN_OBJC_ROOT_CLASS = YES_ERROR;
				CLANG_WARN_QUOTED_INCLUDE_IN_FRAMEWORK_HEADER = YES;
				CLANG_WARN_RANGE_LOOP_ANALYSIS = YES;
				CLANG_WARN_STRICT_PROTOTYPES = YES;
				CLANG_WARN_SUSPICIOUS_MOVE = YES;
				CLANG_WARN_UNGUARDED_AVAILABILITY = YES_AGGRESSIVE;
				CLANG_WARN_UNREACHABLE_CODE = YES;
				CLANG_WARN__DUPLICATE_METHOD_MATCH = YES;
				COPY_PHASE_STRIP = NO;
				DEBUG_INFORMATION_FORMAT = "dwarf-with-dsym";
				ENABLE_NS_ASSERTIONS = NO;
				ENABLE_STRICT_OBJC_MSGSEND = YES;
				GCC_C_LANGUAGE_STANDARD = gnu11;
				GCC_NO_COMMON_BLOCKS = YES;
				GCC_WARN_64_TO_32_BIT_CONVERSION = YES;
				GCC_WARN_ABOUT_RETURN_TYPE = YES_ERROR;
				GCC_WARN_UNDECLARED_SELECTOR = YES;
				GCC_WARN_UNINITIALIZED_AUTOS = YES_AGGRESSIVE;
				GCC_WARN_UNUSED_FUNCTION = YES;
				GCC_WARN_UNUSED_VARIABLE = YES;
				IPHONEOS_DEPLOYMENT_TARGET = 14.4;
				MTL_ENABLE_DEBUG_INFO = NO;
				MTL_FAST_MATH = YES;
				SDKROOT = iphoneos;
				SWIFT_COMPILATION_MODE = wholemodule;
				SWIFT_OPTIMIZATION_LEVEL = "-O";
				VALIDATE_PRODUCT = YES;
			};
			name = Release;
		};
		87A5557D2728116600A9B5E3 /* Debug */ = {
			isa = XCBuildConfiguration;
			buildSettings = {
				ASSETCATALOG_COMPILER_APPICON_NAME = AppIcon;
				ASSETCATALOG_COMPILER_GLOBAL_ACCENT_COLOR_NAME = AccentColor;
				CODE_SIGN_STYLE = Automatic;
				CURRENT_PROJECT_VERSION = 1;
				DEVELOPMENT_TEAM = B3PWYBKFUK;
				GENERATE_INFOPLIST_FILE = YES;
				INFOPLIST_FILE = BBus/Info.plist;
				INFOPLIST_KEY_UIApplicationSupportsIndirectInputEvents = YES;
				INFOPLIST_KEY_UILaunchStoryboardName = LaunchScreen;
				INFOPLIST_KEY_UISupportedInterfaceOrientations_iPad = "UIInterfaceOrientationPortrait UIInterfaceOrientationPortraitUpsideDown UIInterfaceOrientationLandscapeLeft UIInterfaceOrientationLandscapeRight";
				INFOPLIST_KEY_UISupportedInterfaceOrientations_iPhone = "UIInterfaceOrientationPortrait UIInterfaceOrientationLandscapeLeft UIInterfaceOrientationLandscapeRight";
				IPHONEOS_DEPLOYMENT_TARGET = 14.4;
				LD_RUNPATH_SEARCH_PATHS = (
					"$(inherited)",
					"@executable_path/Frameworks",
				);
				MARKETING_VERSION = 1.0;
				PRODUCT_BUNDLE_IDENTIFIER = "com.boostcamp.ios-009.BBus";
				PRODUCT_NAME = "$(TARGET_NAME)";
				SWIFT_EMIT_LOC_STRINGS = YES;
				SWIFT_VERSION = 5.0;
				TARGETED_DEVICE_FAMILY = 1;
			};
			name = Debug;
		};
		87A5557E2728116600A9B5E3 /* Release */ = {
			isa = XCBuildConfiguration;
			buildSettings = {
				ASSETCATALOG_COMPILER_APPICON_NAME = AppIcon;
				ASSETCATALOG_COMPILER_GLOBAL_ACCENT_COLOR_NAME = AccentColor;
				CODE_SIGN_STYLE = Automatic;
				CURRENT_PROJECT_VERSION = 1;
				DEVELOPMENT_TEAM = B3PWYBKFUK;
				GENERATE_INFOPLIST_FILE = YES;
				INFOPLIST_FILE = BBus/Info.plist;
				INFOPLIST_KEY_UIApplicationSupportsIndirectInputEvents = YES;
				INFOPLIST_KEY_UILaunchStoryboardName = LaunchScreen;
				INFOPLIST_KEY_UISupportedInterfaceOrientations_iPad = "UIInterfaceOrientationPortrait UIInterfaceOrientationPortraitUpsideDown UIInterfaceOrientationLandscapeLeft UIInterfaceOrientationLandscapeRight";
				INFOPLIST_KEY_UISupportedInterfaceOrientations_iPhone = "UIInterfaceOrientationPortrait UIInterfaceOrientationLandscapeLeft UIInterfaceOrientationLandscapeRight";
				IPHONEOS_DEPLOYMENT_TARGET = 14.4;
				LD_RUNPATH_SEARCH_PATHS = (
					"$(inherited)",
					"@executable_path/Frameworks",
				);
				MARKETING_VERSION = 1.0;
				PRODUCT_BUNDLE_IDENTIFIER = "com.boostcamp.ios-009.BBus";
				PRODUCT_NAME = "$(TARGET_NAME)";
				SWIFT_EMIT_LOC_STRINGS = YES;
				SWIFT_VERSION = 5.0;
				TARGETED_DEVICE_FAMILY = 1;
			};
			name = Release;
		};
/* End XCBuildConfiguration section */

/* Begin XCConfigurationList section */
		4ACA5248272FD52D00EC0531 /* Build configuration list for PBXNativeTarget "BBusTests" */ = {
			isa = XCConfigurationList;
			buildConfigurations = (
				4ACA5249272FD52D00EC0531 /* Debug */,
				4ACA524A272FD52D00EC0531 /* Release */,
			);
			defaultConfigurationIsVisible = 0;
			defaultConfigurationName = Release;
		};
		87A555632728116400A9B5E3 /* Build configuration list for PBXProject "BBus" */ = {
			isa = XCConfigurationList;
			buildConfigurations = (
				87A5557A2728116600A9B5E3 /* Debug */,
				87A5557B2728116600A9B5E3 /* Release */,
			);
			defaultConfigurationIsVisible = 0;
			defaultConfigurationName = Release;
		};
		87A5557C2728116600A9B5E3 /* Build configuration list for PBXNativeTarget "BBus" */ = {
			isa = XCConfigurationList;
			buildConfigurations = (
				87A5557D2728116600A9B5E3 /* Debug */,
				87A5557E2728116600A9B5E3 /* Release */,
			);
			defaultConfigurationIsVisible = 0;
			defaultConfigurationName = Release;
		};
/* End XCConfigurationList section */
	};
	rootObject = 87A555602728116400A9B5E3 /* Project object */;
}
