// !$*UTF8*$!
{
	archiveVersion = 1;
	classes = {
	};
	objectVersion = 55;
	objects = {

/* Begin PBXBuildFile section */
		04045B7F2740F6B30056A433 /* SearchResults.swift in Sources */ = {isa = PBXBuildFile; fileRef = 04045B7E2740F6B20056A433 /* SearchResults.swift */; };
		04045B812740F6DC0056A433 /* BusSearchResult.swift in Sources */ = {isa = PBXBuildFile; fileRef = 04045B802740F6DC0056A433 /* BusSearchResult.swift */; };
		041A5A11273D2E1B00490075 /* StringExtension.swift in Sources */ = {isa = PBXBuildFile; fileRef = 041A5A10273D2E1B00490075 /* StringExtension.swift */; };
		04214061273A5EBC00A15423 /* MovingStatusFoldUnfoldDelegate.swift in Sources */ = {isa = PBXBuildFile; fileRef = 04214060273A5EBC00A15423 /* MovingStatusFoldUnfoldDelegate.swift */; };
		0476ABBB27310ED200F72DD1 /* BusRouteHeaderView.swift in Sources */ = {isa = PBXBuildFile; fileRef = 0476ABBA27310ED200F72DD1 /* BusRouteHeaderView.swift */; };
		0476ABBD27311C1600F72DD1 /* BusStationTableViewCell.swift in Sources */ = {isa = PBXBuildFile; fileRef = 0476ABBC27311C1600F72DD1 /* BusStationTableViewCell.swift */; };
		047C30FA273A04B40075EA14 /* BBusImage.swift in Sources */ = {isa = PBXBuildFile; fileRef = 047C30F9273A04B40075EA14 /* BBusImage.swift */; };
		047C30FC273A04C20075EA14 /* BBusColor.swift in Sources */ = {isa = PBXBuildFile; fileRef = 047C30FB273A04C20075EA14 /* BBusColor.swift */; };
		047C30FE273A05A60075EA14 /* BBusRouteType.swift in Sources */ = {isa = PBXBuildFile; fileRef = 047C30FD273A05A60075EA14 /* BBusRouteType.swift */; };
		0484107627464D49006F8636 /* AlarmSettingBusArriveInfos.swift in Sources */ = {isa = PBXBuildFile; fileRef = 0484107527464D49006F8636 /* AlarmSettingBusArriveInfos.swift */; };
		049375A6273B9CB60061ACDA /* BusRouteList.json in Resources */ = {isa = PBXBuildFile; fileRef = 049375A5273B9CB60061ACDA /* BusRouteList.json */; };
		049375A8273B9CD60061ACDA /* StationList.json in Resources */ = {isa = PBXBuildFile; fileRef = 049375A7273B9CD60061ACDA /* StationList.json */; };
		049375AB273B9F330061ACDA /* BusRouteDTO.swift in Sources */ = {isa = PBXBuildFile; fileRef = 049375AA273B9F330061ACDA /* BusRouteDTO.swift */; };
		049375AF273BAA130061ACDA /* StationDTO.swift in Sources */ = {isa = PBXBuildFile; fileRef = 049375AE273BAA130061ACDA /* StationDTO.swift */; };
		049375B5273BB98E0061ACDA /* StationByRouteListDTO.swift in Sources */ = {isa = PBXBuildFile; fileRef = 049375B4273BB98E0061ACDA /* StationByRouteListDTO.swift */; };
		049375B7273BE08F0061ACDA /* BusPosByRtidDTO.swift in Sources */ = {isa = PBXBuildFile; fileRef = 049375B6273BE08F0061ACDA /* BusPosByRtidDTO.swift */; };
		049375B9273BE2640061ACDA /* StationByUidItemDTO.swift in Sources */ = {isa = PBXBuildFile; fileRef = 049375B8273BE2640061ACDA /* StationByUidItemDTO.swift */; };
		049375BD273C2E120061ACDA /* ArrInfoByRouteDTO.swift in Sources */ = {isa = PBXBuildFile; fileRef = 049375BC273C2E120061ACDA /* ArrInfoByRouteDTO.swift */; };
		049B9D002744D2AA004DE66E /* ThrottleButton.swift in Sources */ = {isa = PBXBuildFile; fileRef = 049B9CFF2744D2AA004DE66E /* ThrottleButton.swift */; };
		04AC7D112733AF090095CD4E /* BusRouteTableViewCell.swift in Sources */ = {isa = PBXBuildFile; fileRef = 04AC7D102733AF090095CD4E /* BusRouteTableViewCell.swift */; };
		04AC7D132733B0940095CD4E /* GetOffTableViewCell.swift in Sources */ = {isa = PBXBuildFile; fileRef = 04AC7D122733B0940095CD4E /* GetOffTableViewCell.swift */; };
		04AC7D1B2733E7270095CD4E /* AlarmSettingButton.swift in Sources */ = {isa = PBXBuildFile; fileRef = 04AC7D1A2733E7270095CD4E /* AlarmSettingButton.swift */; };
		04C6D6692734B18A00D41678 /* MovingStatusTableViewCell.swift in Sources */ = {isa = PBXBuildFile; fileRef = 04C6D6682734B18A00D41678 /* MovingStatusTableViewCell.swift */; };
		04C6D66B2734BCAB00D41678 /* MovingStatusBusTagView.swift in Sources */ = {isa = PBXBuildFile; fileRef = 04C6D66A2734BCAB00D41678 /* MovingStatusBusTagView.swift */; };
		4A04682427327876008D87CE /* BusRouteCoordinator.swift in Sources */ = {isa = PBXBuildFile; fileRef = 4A04682327327876008D87CE /* BusRouteCoordinator.swift */; };
		4A04682627327BA0008D87CE /* AlarmSettingCoordinator.swift in Sources */ = {isa = PBXBuildFile; fileRef = 4A04682527327BA0008D87CE /* AlarmSettingCoordinator.swift */; };
		4A04682A2732B7B3008D87CE /* SearchNavigationView.swift in Sources */ = {isa = PBXBuildFile; fileRef = 4A0468292732B7B3008D87CE /* SearchNavigationView.swift */; };
		4A04682C2732ECAA008D87CE /* KeyboardAccessoryView.swift in Sources */ = {isa = PBXBuildFile; fileRef = 4A04682B2732ECA9008D87CE /* KeyboardAccessoryView.swift */; };
		4A06AEC8274159D10027222D /* FavoriteItemDTO.swift in Sources */ = {isa = PBXBuildFile; fileRef = 4A06AEC7274159D10027222D /* FavoriteItemDTO.swift */; };
		4A06AEE92743DAB20027222D /* NotificationNameExtension.swift in Sources */ = {isa = PBXBuildFile; fileRef = 4A06AEE82743DAB20027222D /* NotificationNameExtension.swift */; };
		4A094CDF27435C5900428F55 /* BusRemainTime.swift in Sources */ = {isa = PBXBuildFile; fileRef = 4A094CDE27435C5900428F55 /* BusRemainTime.swift */; };
		4A094CE127438EB800428F55 /* UIViewExtension.swift in Sources */ = {isa = PBXBuildFile; fileRef = 4A094CE027438EB800428F55 /* UIViewExtension.swift */; };
		4A094D072743E12C00428F55 /* NoneInfoTableViewCell.swift in Sources */ = {isa = PBXBuildFile; fileRef = 4A094D062743E12C00428F55 /* NoneInfoTableViewCell.swift */; };
		4A17CED72733A754007B1646 /* SimpleCollectionHeaderView.swift in Sources */ = {isa = PBXBuildFile; fileRef = 4A17CED62733A754007B1646 /* SimpleCollectionHeaderView.swift */; };
		4A17CED92733B5C6007B1646 /* SearchResultScrollView.swift in Sources */ = {isa = PBXBuildFile; fileRef = 4A17CED82733B5C5007B1646 /* SearchResultScrollView.swift */; };
		4A1A22DB27326FD100476861 /* HomeNavigationView.swift in Sources */ = {isa = PBXBuildFile; fileRef = 4A1A22DA27326FD100476861 /* HomeNavigationView.swift */; };
		4A1A22DD2732801700476861 /* StationCoordinator.swift in Sources */ = {isa = PBXBuildFile; fileRef = 4A1A22DC2732801700476861 /* StationCoordinator.swift */; };
		4A1A22E12732CE7900476861 /* SearchResultCollectionViewCell.swift in Sources */ = {isa = PBXBuildFile; fileRef = 4A1A22E02732CE7900476861 /* SearchResultCollectionViewCell.swift */; };
		4A38E20727463FF7003A9D10 /* BBusAPIError.swift in Sources */ = {isa = PBXBuildFile; fileRef = 4A38E20627463FF7003A9D10 /* BBusAPIError.swift */; };
		4A38E20927464015003A9D10 /* PublisherExtension.swift in Sources */ = {isa = PBXBuildFile; fileRef = 4A38E20827464015003A9D10 /* PublisherExtension.swift */; };
		4A412028274E34430083D691 /* BusRouteModel.swift in Sources */ = {isa = PBXBuildFile; fileRef = 4A412027274E34430083D691 /* BusRouteModel.swift */; };
		4A5100332754CDB100754B36 /* BaseUseCase.swift in Sources */ = {isa = PBXBuildFile; fileRef = 4A5100322754CDB100754B36 /* BaseUseCase.swift */; };
		4A5100352754CE1500754B36 /* BaseViewController.swift in Sources */ = {isa = PBXBuildFile; fileRef = 4A5100342754CE1500754B36 /* BaseViewController.swift */; };
		4A7BBFED2737885F0029915F /* StationHeaderView.swift in Sources */ = {isa = PBXBuildFile; fileRef = 4A7BBFEC2737885F0029915F /* StationHeaderView.swift */; };
		4A7BBFEF27378AA50029915F /* StationBodyCollectionViewCell.swift in Sources */ = {isa = PBXBuildFile; fileRef = 4A7BBFEE27378AA50029915F /* StationBodyCollectionViewCell.swift */; };
		4A7BBFF12737D6C20029915F /* RemainCongestionBadgeLabel.swift in Sources */ = {isa = PBXBuildFile; fileRef = 4A7BBFF02737D6C20029915F /* RemainCongestionBadgeLabel.swift */; };
		4A917DF227462E36002489FE /* EmptyFavoriteNoticeView.swift in Sources */ = {isa = PBXBuildFile; fileRef = 4A917DF127462E36002489FE /* EmptyFavoriteNoticeView.swift */; };
		4A917DF427463666002489FE /* EmptySearchResultNoticeView.swift in Sources */ = {isa = PBXBuildFile; fileRef = 4A917DF327463666002489FE /* EmptySearchResultNoticeView.swift */; };
		4A97C4D4273A822D00F1A765 /* Pushables.swift in Sources */ = {isa = PBXBuildFile; fileRef = 4A97C4D3273A822D00F1A765 /* Pushables.swift */; };
		4A992C4727311F1C0006FB8C /* FavoriteCollectionHeaderView.swift in Sources */ = {isa = PBXBuildFile; fileRef = 4A992C4627311F1C0006FB8C /* FavoriteCollectionHeaderView.swift */; };
		4A992C49273124AF0006FB8C /* FavoriteCollectionViewCell.swift in Sources */ = {isa = PBXBuildFile; fileRef = 4A992C48273124AF0006FB8C /* FavoriteCollectionViewCell.swift */; };
		4A992C4B273124D90006FB8C /* BusCellTrailingView.swift in Sources */ = {isa = PBXBuildFile; fileRef = 4A992C4A273124D90006FB8C /* BusCellTrailingView.swift */; };
		4AA294AF273C0E8D008E5497 /* GetRouteListFetcher.swift in Sources */ = {isa = PBXBuildFile; fileRef = 4AA294AE273C0E8D008E5497 /* GetRouteListFetcher.swift */; };
		4AA294B1273C1094008E5497 /* GetStationListFetcher.swift in Sources */ = {isa = PBXBuildFile; fileRef = 4AA294B0273C1094008E5497 /* GetStationListFetcher.swift */; };
		4AA294B3273C111C008E5497 /* GetFavoriteItemListFetcher.swift in Sources */ = {isa = PBXBuildFile; fileRef = 4AA294B2273C111C008E5497 /* GetFavoriteItemListFetcher.swift */; };
		4AA294B5273C11DE008E5497 /* CreateFavoriteItemFetcher.swift in Sources */ = {isa = PBXBuildFile; fileRef = 4AA294B4273C11DE008E5497 /* CreateFavoriteItemFetcher.swift */; };
		4AA294B7273C1275008E5497 /* DeleteFavoriteItemFetchable.swift in Sources */ = {isa = PBXBuildFile; fileRef = 4AA294B6273C1275008E5497 /* DeleteFavoriteItemFetchable.swift */; };
		4AC79161274F6FDB00019827 /* SourceFooterView.swift in Sources */ = {isa = PBXBuildFile; fileRef = 4AC79160274F6FDB00019827 /* SourceFooterView.swift */; };
		4ACA51E3272FCD9600EC0531 /* HomeModel.swift in Sources */ = {isa = PBXBuildFile; fileRef = 4ACA51E2272FCD9600EC0531 /* HomeModel.swift */; };
		4ACA51E5272FCD9C00EC0531 /* HomeAPIUseCase.swift in Sources */ = {isa = PBXBuildFile; fileRef = 4ACA51E4272FCD9C00EC0531 /* HomeAPIUseCase.swift */; };
		4ACA51E7272FCDA600EC0531 /* HomeViewModel.swift in Sources */ = {isa = PBXBuildFile; fileRef = 4ACA51E6272FCDA600EC0531 /* HomeViewModel.swift */; };
		4ACA51E9272FCDAE00EC0531 /* HomeView.swift in Sources */ = {isa = PBXBuildFile; fileRef = 4ACA51E8272FCDAE00EC0531 /* HomeView.swift */; };
		4ACA51EF272FCDE600EC0531 /* StationSearchResult.swift in Sources */ = {isa = PBXBuildFile; fileRef = 4ACA51EE272FCDE600EC0531 /* StationSearchResult.swift */; };
		4ACA51F1272FCDF200EC0531 /* SearchUseCase.swift in Sources */ = {isa = PBXBuildFile; fileRef = 4ACA51F0272FCDF200EC0531 /* SearchUseCase.swift */; };
		4ACA51F3272FCDF900EC0531 /* SearchViewModel.swift in Sources */ = {isa = PBXBuildFile; fileRef = 4ACA51F2272FCDF900EC0531 /* SearchViewModel.swift */; };
		4ACA51F5272FCE0200EC0531 /* SearchView.swift in Sources */ = {isa = PBXBuildFile; fileRef = 4ACA51F4272FCE0200EC0531 /* SearchView.swift */; };
		4ACA5209272FCE5A00EC0531 /* BusRouteUseCase.swift in Sources */ = {isa = PBXBuildFile; fileRef = 4ACA5208272FCE5A00EC0531 /* BusRouteUseCase.swift */; };
		4ACA520B272FCE5F00EC0531 /* BusRouteViewModel.swift in Sources */ = {isa = PBXBuildFile; fileRef = 4ACA520A272FCE5F00EC0531 /* BusRouteViewModel.swift */; };
		4ACA520D272FCE6500EC0531 /* BusRouteView.swift in Sources */ = {isa = PBXBuildFile; fileRef = 4ACA520C272FCE6500EC0531 /* BusRouteView.swift */; };
		4ACA5213272FCE8500EC0531 /* BusCongestion.swift in Sources */ = {isa = PBXBuildFile; fileRef = 4ACA5212272FCE8500EC0531 /* BusCongestion.swift */; };
		4ACA5215272FCE8A00EC0531 /* StationUseCase.swift in Sources */ = {isa = PBXBuildFile; fileRef = 4ACA5214272FCE8A00EC0531 /* StationUseCase.swift */; };
		4ACA5217272FCE8E00EC0531 /* StationViewModel.swift in Sources */ = {isa = PBXBuildFile; fileRef = 4ACA5216272FCE8E00EC0531 /* StationViewModel.swift */; };
		4ACA5219272FCE9500EC0531 /* StationView.swift in Sources */ = {isa = PBXBuildFile; fileRef = 4ACA5218272FCE9500EC0531 /* StationView.swift */; };
		4ACA521F272FCEAA00EC0531 /* AlarmSettingBusArriveInfo.swift in Sources */ = {isa = PBXBuildFile; fileRef = 4ACA521E272FCEAA00EC0531 /* AlarmSettingBusArriveInfo.swift */; };
		4ACA5221272FCEAF00EC0531 /* AlarmSettingAPIUseCase.swift in Sources */ = {isa = PBXBuildFile; fileRef = 4ACA5220272FCEAF00EC0531 /* AlarmSettingAPIUseCase.swift */; };
		4ACA5223272FCEB500EC0531 /* AlarmSettingViewModel.swift in Sources */ = {isa = PBXBuildFile; fileRef = 4ACA5222272FCEB500EC0531 /* AlarmSettingViewModel.swift */; };
		4ACA5225272FCEBF00EC0531 /* AlarmSettingView.swift in Sources */ = {isa = PBXBuildFile; fileRef = 4ACA5224272FCEBF00EC0531 /* AlarmSettingView.swift */; };
		4ACA522B272FCED600EC0531 /* MovingStatusModel.swift in Sources */ = {isa = PBXBuildFile; fileRef = 4ACA522A272FCED600EC0531 /* MovingStatusModel.swift */; };
		4ACA522D272FCEDB00EC0531 /* MovingStatusAPIUseCase.swift in Sources */ = {isa = PBXBuildFile; fileRef = 4ACA522C272FCEDB00EC0531 /* MovingStatusAPIUseCase.swift */; };
		4ACA522F272FCEDF00EC0531 /* MovingStatusViewModel.swift in Sources */ = {isa = PBXBuildFile; fileRef = 4ACA522E272FCEDF00EC0531 /* MovingStatusViewModel.swift */; };
		4ACA5231272FCEE600EC0531 /* MovingStatusView.swift in Sources */ = {isa = PBXBuildFile; fileRef = 4ACA5230272FCEE600EC0531 /* MovingStatusView.swift */; };
		4ACA5233272FCF0F00EC0531 /* SearchViewController.swift in Sources */ = {isa = PBXBuildFile; fileRef = 4ACA5232272FCF0F00EC0531 /* SearchViewController.swift */; };
		4ACA5237272FCF2C00EC0531 /* BusRouteViewController.swift in Sources */ = {isa = PBXBuildFile; fileRef = 4ACA5236272FCF2C00EC0531 /* BusRouteViewController.swift */; };
		4ACA5239272FCF3200EC0531 /* StationViewController.swift in Sources */ = {isa = PBXBuildFile; fileRef = 4ACA5238272FCF3200EC0531 /* StationViewController.swift */; };
		4ACA523B272FCF3C00EC0531 /* AlarmSettingViewController.swift in Sources */ = {isa = PBXBuildFile; fileRef = 4ACA523A272FCF3C00EC0531 /* AlarmSettingViewController.swift */; };
		4ACA523D272FCF4300EC0531 /* MovingStatusViewController.swift in Sources */ = {isa = PBXBuildFile; fileRef = 4ACA523C272FCF4300EC0531 /* MovingStatusViewController.swift */; };
		4ACA5245272FD52D00EC0531 /* BBusTests.swift in Sources */ = {isa = PBXBuildFile; fileRef = 4ACA5244272FD52D00EC0531 /* BBusTests.swift */; };
		4ACC26B4274F669800173A32 /* BusSectionKeys.swift in Sources */ = {isa = PBXBuildFile; fileRef = 4ACC26B3274F669800173A32 /* BusSectionKeys.swift */; };
		4ACC26B8274F6BD300173A32 /* BusArriveInfos.swift in Sources */ = {isa = PBXBuildFile; fileRef = 4ACC26B7274F6BD300173A32 /* BusArriveInfos.swift */; };
		4ADB29B9274B68CE00554A4E /* GetOnAlarmController.swift in Sources */ = {isa = PBXBuildFile; fileRef = 4ADB29B8274B68CE00554A4E /* GetOnAlarmController.swift */; };
		4ADB29BB274B6C8300554A4E /* BusPosByVehicleIdDTO.swift in Sources */ = {isa = PBXBuildFile; fileRef = 4ADB29BA274B6C8300554A4E /* BusPosByVehicleIdDTO.swift */; };
		4ADB29BD274B6E0B00554A4E /* GetBusPosByVehIdFetcher.swift in Sources */ = {isa = PBXBuildFile; fileRef = 4ADB29BC274B6E0B00554A4E /* GetBusPosByVehIdFetcher.swift */; };
		4ADB29C7274B7A7F00554A4E /* GetOnAlarmStatus.swift in Sources */ = {isa = PBXBuildFile; fileRef = 4ADB29C6274B7A7F00554A4E /* GetOnAlarmStatus.swift */; };
		4ADB29C9274B7AA200554A4E /* GetOnAlarmAPIUsecase.swift in Sources */ = {isa = PBXBuildFile; fileRef = 4ADB29C8274B7AA200554A4E /* GetOnAlarmAPIUsecase.swift */; };
		4ADB29CB274B7AB900554A4E /* GetOnAlarmViewModel.swift in Sources */ = {isa = PBXBuildFile; fileRef = 4ADB29CA274B7AB900554A4E /* GetOnAlarmViewModel.swift */; };
		4ADB29CD274B880C00554A4E /* GetOnAlarmCalculateUsecase.swift in Sources */ = {isa = PBXBuildFile; fileRef = 4ADB29CC274B880C00554A4E /* GetOnAlarmCalculateUsecase.swift */; };
		4ADB29CF274B890800554A4E /* BusApproachStatus.swift in Sources */ = {isa = PBXBuildFile; fileRef = 4ADB29CE274B890800554A4E /* BusApproachStatus.swift */; };
		4ADB29D1274CAF0100554A4E /* AlarmStartResult.swift in Sources */ = {isa = PBXBuildFile; fileRef = 4ADB29D0274CAF0100554A4E /* AlarmStartResult.swift */; };
		4ADB29D4274E18BB00554A4E /* GetOffAlarmController.swift in Sources */ = {isa = PBXBuildFile; fileRef = 4ADB29D3274E18BB00554A4E /* GetOffAlarmController.swift */; };
		4ADB29D7274E198900554A4E /* GetOffAlarmViewModel.swift in Sources */ = {isa = PBXBuildFile; fileRef = 4ADB29D6274E198900554A4E /* GetOffAlarmViewModel.swift */; };
		4ADB29DA274E1A5F00554A4E /* GetOffAlarmStatus.swift in Sources */ = {isa = PBXBuildFile; fileRef = 4ADB29D9274E1A5F00554A4E /* GetOffAlarmStatus.swift */; };
		87038A82273B90A50078EAE3 /* BBusAPIUsecases.swift in Sources */ = {isa = PBXBuildFile; fileRef = 87038A81273B90A50078EAE3 /* BBusAPIUsecases.swift */; };
		87038A85273B90D10078EAE3 /* RequestUsecases.swift in Sources */ = {isa = PBXBuildFile; fileRef = 87038A84273B90D10078EAE3 /* RequestUsecases.swift */; };
		87038A88273B950B0078EAE3 /* GetArrInfoByRouteListFetcher.swift in Sources */ = {isa = PBXBuildFile; fileRef = 87038A87273B950B0078EAE3 /* GetArrInfoByRouteListFetcher.swift */; };
		87038A8A273B96B60078EAE3 /* Service.swift in Sources */ = {isa = PBXBuildFile; fileRef = 87038A89273B96B60078EAE3 /* Service.swift */; };
		87038A8C273B96DF0078EAE3 /* Persistent.swift in Sources */ = {isa = PBXBuildFile; fileRef = 87038A8B273B96DF0078EAE3 /* Persistent.swift */; };
		87038A8E273C10480078EAE3 /* GetRouteInfoItemFetcher.swift in Sources */ = {isa = PBXBuildFile; fileRef = 87038A8D273C10480078EAE3 /* GetRouteInfoItemFetcher.swift */; };
		87038A90273C11630078EAE3 /* GetStationsByRouteListFetcher.swift in Sources */ = {isa = PBXBuildFile; fileRef = 87038A8F273C11630078EAE3 /* GetStationsByRouteListFetcher.swift */; };
		87038A92273C12320078EAE3 /* GetBusPosByRtidFetcher.swift in Sources */ = {isa = PBXBuildFile; fileRef = 87038A91273C12320078EAE3 /* GetBusPosByRtidFetcher.swift */; };
		87038A94273C12E20078EAE3 /* GetStationByUidItemFetcher.swift in Sources */ = {isa = PBXBuildFile; fileRef = 87038A93273C12E20078EAE3 /* GetStationByUidItemFetcher.swift */; };
		87285F5527461DB300CA3BA9 /* UINavigationControllerExtension.swift in Sources */ = {isa = PBXBuildFile; fileRef = 87285F5427461DB300CA3BA9 /* UINavigationControllerExtension.swift */; };
		873578832732545D00CC8ECC /* CustomNavigationBar.swift in Sources */ = {isa = PBXBuildFile; fileRef = 873578822732545D00CC8ECC /* CustomNavigationBar.swift */; };
		87359B8D27311BF100F461A7 /* BusTagView.swift in Sources */ = {isa = PBXBuildFile; fileRef = 87359B8C27311BF100F461A7 /* BusTagView.swift */; };
		873D6396273039E100E79069 /* Coordinator.swift in Sources */ = {isa = PBXBuildFile; fileRef = 873D6395273039E100E79069 /* Coordinator.swift */; };
		873D639827303A6800E79069 /* AppCoordinator.swift in Sources */ = {isa = PBXBuildFile; fileRef = 873D639727303A6800E79069 /* AppCoordinator.swift */; };
		873D639A27303B0500E79069 /* HomeCoordinator.swift in Sources */ = {isa = PBXBuildFile; fileRef = 873D639927303B0500E79069 /* HomeCoordinator.swift */; };
		873D639C27303B5000E79069 /* SearchCoordinator.swift in Sources */ = {isa = PBXBuildFile; fileRef = 873D639B27303B5000E79069 /* SearchCoordinator.swift */; };
		875F1AB02755BD86003F5BB1 /* AverageSectionTimeCalculatable.swift in Sources */ = {isa = PBXBuildFile; fileRef = 875F1AAF2755BD86003F5BB1 /* AverageSectionTimeCalculatable.swift */; };
		875F1AB22755BE08003F5BB1 /* AlarmSettingCalculateUseCase.swift in Sources */ = {isa = PBXBuildFile; fileRef = 875F1AB12755BE08003F5BB1 /* AlarmSettingCalculateUseCase.swift */; };
		87A5556C2728116400A9B5E3 /* AppDelegate.swift in Sources */ = {isa = PBXBuildFile; fileRef = 87A5556B2728116400A9B5E3 /* AppDelegate.swift */; };
		87A5556E2728116400A9B5E3 /* SceneDelegate.swift in Sources */ = {isa = PBXBuildFile; fileRef = 87A5556D2728116400A9B5E3 /* SceneDelegate.swift */; };
		87A555702728116400A9B5E3 /* HomeViewController.swift in Sources */ = {isa = PBXBuildFile; fileRef = 87A5556F2728116400A9B5E3 /* HomeViewController.swift */; };
		87A555752728116600A9B5E3 /* Assets.xcassets in Resources */ = {isa = PBXBuildFile; fileRef = 87A555742728116600A9B5E3 /* Assets.xcassets */; };
		87A555782728116600A9B5E3 /* LaunchScreen.storyboard in Resources */ = {isa = PBXBuildFile; fileRef = 87A555762728116600A9B5E3 /* LaunchScreen.storyboard */; };
		87B35D0A2754E71F00159791 /* MovingStatusCalculateUseCase.swift in Sources */ = {isa = PBXBuildFile; fileRef = 87B35D092754E71F00159791 /* MovingStatusCalculateUseCase.swift */; };
		87EB52AE2733A6C6000D5492 /* GetOnStatusCell.swift in Sources */ = {isa = PBXBuildFile; fileRef = 87EB52AD2733A6C6000D5492 /* GetOnStatusCell.swift */; };
/* End PBXBuildFile section */

/* Begin PBXContainerItemProxy section */
		4ACA5246272FD52D00EC0531 /* PBXContainerItemProxy */ = {
			isa = PBXContainerItemProxy;
			containerPortal = 87A555602728116400A9B5E3 /* Project object */;
			proxyType = 1;
			remoteGlobalIDString = 87A555672728116400A9B5E3;
			remoteInfo = BBus;
		};
/* End PBXContainerItemProxy section */

/* Begin PBXFileReference section */
		04045B7E2740F6B20056A433 /* SearchResults.swift */ = {isa = PBXFileReference; lastKnownFileType = sourcecode.swift; path = SearchResults.swift; sourceTree = "<group>"; };
		04045B802740F6DC0056A433 /* BusSearchResult.swift */ = {isa = PBXFileReference; lastKnownFileType = sourcecode.swift; path = BusSearchResult.swift; sourceTree = "<group>"; };
		041A5A10273D2E1B00490075 /* StringExtension.swift */ = {isa = PBXFileReference; lastKnownFileType = sourcecode.swift; path = StringExtension.swift; sourceTree = "<group>"; };
		04214060273A5EBC00A15423 /* MovingStatusFoldUnfoldDelegate.swift */ = {isa = PBXFileReference; lastKnownFileType = sourcecode.swift; path = MovingStatusFoldUnfoldDelegate.swift; sourceTree = "<group>"; };
		0476ABBA27310ED200F72DD1 /* BusRouteHeaderView.swift */ = {isa = PBXFileReference; lastKnownFileType = sourcecode.swift; path = BusRouteHeaderView.swift; sourceTree = "<group>"; };
		0476ABBC27311C1600F72DD1 /* BusStationTableViewCell.swift */ = {isa = PBXFileReference; lastKnownFileType = sourcecode.swift; path = BusStationTableViewCell.swift; sourceTree = "<group>"; };
		047C30F9273A04B40075EA14 /* BBusImage.swift */ = {isa = PBXFileReference; lastKnownFileType = sourcecode.swift; path = BBusImage.swift; sourceTree = "<group>"; };
		047C30FB273A04C20075EA14 /* BBusColor.swift */ = {isa = PBXFileReference; lastKnownFileType = sourcecode.swift; path = BBusColor.swift; sourceTree = "<group>"; };
		047C30FD273A05A60075EA14 /* BBusRouteType.swift */ = {isa = PBXFileReference; lastKnownFileType = sourcecode.swift; path = BBusRouteType.swift; sourceTree = "<group>"; };
		0484107527464D49006F8636 /* AlarmSettingBusArriveInfos.swift */ = {isa = PBXFileReference; lastKnownFileType = sourcecode.swift; path = AlarmSettingBusArriveInfos.swift; sourceTree = "<group>"; };
		049375A5273B9CB60061ACDA /* BusRouteList.json */ = {isa = PBXFileReference; lastKnownFileType = text.json; path = BusRouteList.json; sourceTree = "<group>"; };
		049375A7273B9CD60061ACDA /* StationList.json */ = {isa = PBXFileReference; lastKnownFileType = text.json; path = StationList.json; sourceTree = "<group>"; };
		049375AA273B9F330061ACDA /* BusRouteDTO.swift */ = {isa = PBXFileReference; lastKnownFileType = sourcecode.swift; path = BusRouteDTO.swift; sourceTree = "<group>"; };
		049375AE273BAA130061ACDA /* StationDTO.swift */ = {isa = PBXFileReference; lastKnownFileType = sourcecode.swift; path = StationDTO.swift; sourceTree = "<group>"; };
		049375B4273BB98E0061ACDA /* StationByRouteListDTO.swift */ = {isa = PBXFileReference; lastKnownFileType = sourcecode.swift; path = StationByRouteListDTO.swift; sourceTree = "<group>"; };
		049375B6273BE08F0061ACDA /* BusPosByRtidDTO.swift */ = {isa = PBXFileReference; lastKnownFileType = sourcecode.swift; path = BusPosByRtidDTO.swift; sourceTree = "<group>"; };
		049375B8273BE2640061ACDA /* StationByUidItemDTO.swift */ = {isa = PBXFileReference; lastKnownFileType = sourcecode.swift; path = StationByUidItemDTO.swift; sourceTree = "<group>"; };
		049375BC273C2E120061ACDA /* ArrInfoByRouteDTO.swift */ = {isa = PBXFileReference; lastKnownFileType = sourcecode.swift; path = ArrInfoByRouteDTO.swift; sourceTree = "<group>"; };
		049B9CFF2744D2AA004DE66E /* ThrottleButton.swift */ = {isa = PBXFileReference; lastKnownFileType = sourcecode.swift; path = ThrottleButton.swift; sourceTree = "<group>"; };
		04AC7D102733AF090095CD4E /* BusRouteTableViewCell.swift */ = {isa = PBXFileReference; lastKnownFileType = sourcecode.swift; path = BusRouteTableViewCell.swift; sourceTree = "<group>"; };
		04AC7D122733B0940095CD4E /* GetOffTableViewCell.swift */ = {isa = PBXFileReference; lastKnownFileType = sourcecode.swift; path = GetOffTableViewCell.swift; sourceTree = "<group>"; };
		04AC7D1A2733E7270095CD4E /* AlarmSettingButton.swift */ = {isa = PBXFileReference; lastKnownFileType = sourcecode.swift; path = AlarmSettingButton.swift; sourceTree = "<group>"; };
		04C6D6682734B18A00D41678 /* MovingStatusTableViewCell.swift */ = {isa = PBXFileReference; lastKnownFileType = sourcecode.swift; path = MovingStatusTableViewCell.swift; sourceTree = "<group>"; };
		04C6D66A2734BCAB00D41678 /* MovingStatusBusTagView.swift */ = {isa = PBXFileReference; lastKnownFileType = sourcecode.swift; path = MovingStatusBusTagView.swift; sourceTree = "<group>"; };
		4A04682327327876008D87CE /* BusRouteCoordinator.swift */ = {isa = PBXFileReference; lastKnownFileType = sourcecode.swift; path = BusRouteCoordinator.swift; sourceTree = "<group>"; };
		4A04682527327BA0008D87CE /* AlarmSettingCoordinator.swift */ = {isa = PBXFileReference; lastKnownFileType = sourcecode.swift; path = AlarmSettingCoordinator.swift; sourceTree = "<group>"; };
		4A0468292732B7B3008D87CE /* SearchNavigationView.swift */ = {isa = PBXFileReference; lastKnownFileType = sourcecode.swift; path = SearchNavigationView.swift; sourceTree = "<group>"; };
		4A04682B2732ECA9008D87CE /* KeyboardAccessoryView.swift */ = {isa = PBXFileReference; lastKnownFileType = sourcecode.swift; path = KeyboardAccessoryView.swift; sourceTree = "<group>"; };
		4A06AEC2273E51AE0027222D /* AccessKey.xcconfig */ = {isa = PBXFileReference; lastKnownFileType = text.xcconfig; path = AccessKey.xcconfig; sourceTree = "<group>"; };
		4A06AEC7274159D10027222D /* FavoriteItemDTO.swift */ = {isa = PBXFileReference; lastKnownFileType = sourcecode.swift; path = FavoriteItemDTO.swift; sourceTree = "<group>"; };
		4A06AEE82743DAB20027222D /* NotificationNameExtension.swift */ = {isa = PBXFileReference; lastKnownFileType = sourcecode.swift; path = NotificationNameExtension.swift; sourceTree = "<group>"; };
		4A094CDE27435C5900428F55 /* BusRemainTime.swift */ = {isa = PBXFileReference; lastKnownFileType = sourcecode.swift; path = BusRemainTime.swift; sourceTree = "<group>"; };
		4A094CE027438EB800428F55 /* UIViewExtension.swift */ = {isa = PBXFileReference; lastKnownFileType = sourcecode.swift; path = UIViewExtension.swift; sourceTree = "<group>"; };
		4A094D062743E12C00428F55 /* NoneInfoTableViewCell.swift */ = {isa = PBXFileReference; lastKnownFileType = sourcecode.swift; path = NoneInfoTableViewCell.swift; sourceTree = "<group>"; };
		4A17CED62733A754007B1646 /* SimpleCollectionHeaderView.swift */ = {isa = PBXFileReference; lastKnownFileType = sourcecode.swift; path = SimpleCollectionHeaderView.swift; sourceTree = "<group>"; };
		4A17CED82733B5C5007B1646 /* SearchResultScrollView.swift */ = {isa = PBXFileReference; lastKnownFileType = sourcecode.swift; path = SearchResultScrollView.swift; sourceTree = "<group>"; };
		4A1A22DA27326FD100476861 /* HomeNavigationView.swift */ = {isa = PBXFileReference; lastKnownFileType = sourcecode.swift; path = HomeNavigationView.swift; sourceTree = "<group>"; };
		4A1A22DC2732801700476861 /* StationCoordinator.swift */ = {isa = PBXFileReference; lastKnownFileType = sourcecode.swift; path = StationCoordinator.swift; sourceTree = "<group>"; };
		4A1A22E02732CE7900476861 /* SearchResultCollectionViewCell.swift */ = {isa = PBXFileReference; lastKnownFileType = sourcecode.swift; path = SearchResultCollectionViewCell.swift; sourceTree = "<group>"; };
		4A38E20627463FF7003A9D10 /* BBusAPIError.swift */ = {isa = PBXFileReference; lastKnownFileType = sourcecode.swift; path = BBusAPIError.swift; sourceTree = "<group>"; };
		4A38E20827464015003A9D10 /* PublisherExtension.swift */ = {isa = PBXFileReference; lastKnownFileType = sourcecode.swift; path = PublisherExtension.swift; sourceTree = "<group>"; };
		4A412027274E34430083D691 /* BusRouteModel.swift */ = {isa = PBXFileReference; lastKnownFileType = sourcecode.swift; path = BusRouteModel.swift; sourceTree = "<group>"; };
		4A5100322754CDB100754B36 /* BaseUseCase.swift */ = {isa = PBXFileReference; lastKnownFileType = sourcecode.swift; path = BaseUseCase.swift; sourceTree = "<group>"; };
		4A5100342754CE1500754B36 /* BaseViewController.swift */ = {isa = PBXFileReference; lastKnownFileType = sourcecode.swift; path = BaseViewController.swift; sourceTree = "<group>"; };
		4A7BBFEC2737885F0029915F /* StationHeaderView.swift */ = {isa = PBXFileReference; lastKnownFileType = sourcecode.swift; path = StationHeaderView.swift; sourceTree = "<group>"; };
		4A7BBFEE27378AA50029915F /* StationBodyCollectionViewCell.swift */ = {isa = PBXFileReference; lastKnownFileType = sourcecode.swift; path = StationBodyCollectionViewCell.swift; sourceTree = "<group>"; };
		4A7BBFF02737D6C20029915F /* RemainCongestionBadgeLabel.swift */ = {isa = PBXFileReference; lastKnownFileType = sourcecode.swift; path = RemainCongestionBadgeLabel.swift; sourceTree = "<group>"; };
		4A917DF127462E36002489FE /* EmptyFavoriteNoticeView.swift */ = {isa = PBXFileReference; lastKnownFileType = sourcecode.swift; path = EmptyFavoriteNoticeView.swift; sourceTree = "<group>"; };
		4A917DF327463666002489FE /* EmptySearchResultNoticeView.swift */ = {isa = PBXFileReference; lastKnownFileType = sourcecode.swift; path = EmptySearchResultNoticeView.swift; sourceTree = "<group>"; };
		4A97C4D3273A822D00F1A765 /* Pushables.swift */ = {isa = PBXFileReference; lastKnownFileType = sourcecode.swift; path = Pushables.swift; sourceTree = "<group>"; };
		4A992C4627311F1C0006FB8C /* FavoriteCollectionHeaderView.swift */ = {isa = PBXFileReference; lastKnownFileType = sourcecode.swift; path = FavoriteCollectionHeaderView.swift; sourceTree = "<group>"; };
		4A992C48273124AF0006FB8C /* FavoriteCollectionViewCell.swift */ = {isa = PBXFileReference; lastKnownFileType = sourcecode.swift; path = FavoriteCollectionViewCell.swift; sourceTree = "<group>"; };
		4A992C4A273124D90006FB8C /* BusCellTrailingView.swift */ = {isa = PBXFileReference; lastKnownFileType = sourcecode.swift; path = BusCellTrailingView.swift; sourceTree = "<group>"; };
		4AA294AE273C0E8D008E5497 /* GetRouteListFetcher.swift */ = {isa = PBXFileReference; lastKnownFileType = sourcecode.swift; path = GetRouteListFetcher.swift; sourceTree = "<group>"; };
		4AA294B0273C1094008E5497 /* GetStationListFetcher.swift */ = {isa = PBXFileReference; lastKnownFileType = sourcecode.swift; path = GetStationListFetcher.swift; sourceTree = "<group>"; };
		4AA294B2273C111C008E5497 /* GetFavoriteItemListFetcher.swift */ = {isa = PBXFileReference; lastKnownFileType = sourcecode.swift; path = GetFavoriteItemListFetcher.swift; sourceTree = "<group>"; };
		4AA294B4273C11DE008E5497 /* CreateFavoriteItemFetcher.swift */ = {isa = PBXFileReference; lastKnownFileType = sourcecode.swift; path = CreateFavoriteItemFetcher.swift; sourceTree = "<group>"; };
		4AA294B6273C1275008E5497 /* DeleteFavoriteItemFetchable.swift */ = {isa = PBXFileReference; lastKnownFileType = sourcecode.swift; path = DeleteFavoriteItemFetchable.swift; sourceTree = "<group>"; };
		4AC79160274F6FDB00019827 /* SourceFooterView.swift */ = {isa = PBXFileReference; lastKnownFileType = sourcecode.swift; path = SourceFooterView.swift; sourceTree = "<group>"; };
		4ACA51E2272FCD9600EC0531 /* HomeModel.swift */ = {isa = PBXFileReference; lastKnownFileType = sourcecode.swift; path = HomeModel.swift; sourceTree = "<group>"; };
		4ACA51E4272FCD9C00EC0531 /* HomeAPIUseCase.swift */ = {isa = PBXFileReference; lastKnownFileType = sourcecode.swift; path = HomeAPIUseCase.swift; sourceTree = "<group>"; };
		4ACA51E6272FCDA600EC0531 /* HomeViewModel.swift */ = {isa = PBXFileReference; lastKnownFileType = sourcecode.swift; path = HomeViewModel.swift; sourceTree = "<group>"; };
		4ACA51E8272FCDAE00EC0531 /* HomeView.swift */ = {isa = PBXFileReference; lastKnownFileType = sourcecode.swift; path = HomeView.swift; sourceTree = "<group>"; };
		4ACA51EE272FCDE600EC0531 /* StationSearchResult.swift */ = {isa = PBXFileReference; lastKnownFileType = sourcecode.swift; path = StationSearchResult.swift; sourceTree = "<group>"; };
		4ACA51F0272FCDF200EC0531 /* SearchUseCase.swift */ = {isa = PBXFileReference; lastKnownFileType = sourcecode.swift; path = SearchUseCase.swift; sourceTree = "<group>"; };
		4ACA51F2272FCDF900EC0531 /* SearchViewModel.swift */ = {isa = PBXFileReference; lastKnownFileType = sourcecode.swift; path = SearchViewModel.swift; sourceTree = "<group>"; };
		4ACA51F4272FCE0200EC0531 /* SearchView.swift */ = {isa = PBXFileReference; lastKnownFileType = sourcecode.swift; path = SearchView.swift; sourceTree = "<group>"; };
		4ACA5208272FCE5A00EC0531 /* BusRouteUseCase.swift */ = {isa = PBXFileReference; lastKnownFileType = sourcecode.swift; path = BusRouteUseCase.swift; sourceTree = "<group>"; };
		4ACA520A272FCE5F00EC0531 /* BusRouteViewModel.swift */ = {isa = PBXFileReference; lastKnownFileType = sourcecode.swift; path = BusRouteViewModel.swift; sourceTree = "<group>"; };
		4ACA520C272FCE6500EC0531 /* BusRouteView.swift */ = {isa = PBXFileReference; lastKnownFileType = sourcecode.swift; path = BusRouteView.swift; sourceTree = "<group>"; };
		4ACA5212272FCE8500EC0531 /* BusCongestion.swift */ = {isa = PBXFileReference; lastKnownFileType = sourcecode.swift; path = BusCongestion.swift; sourceTree = "<group>"; };
		4ACA5214272FCE8A00EC0531 /* StationUseCase.swift */ = {isa = PBXFileReference; lastKnownFileType = sourcecode.swift; path = StationUseCase.swift; sourceTree = "<group>"; };
		4ACA5216272FCE8E00EC0531 /* StationViewModel.swift */ = {isa = PBXFileReference; lastKnownFileType = sourcecode.swift; path = StationViewModel.swift; sourceTree = "<group>"; };
		4ACA5218272FCE9500EC0531 /* StationView.swift */ = {isa = PBXFileReference; lastKnownFileType = sourcecode.swift; path = StationView.swift; sourceTree = "<group>"; };
		4ACA521E272FCEAA00EC0531 /* AlarmSettingBusArriveInfo.swift */ = {isa = PBXFileReference; lastKnownFileType = sourcecode.swift; path = AlarmSettingBusArriveInfo.swift; sourceTree = "<group>"; };
		4ACA5220272FCEAF00EC0531 /* AlarmSettingAPIUseCase.swift */ = {isa = PBXFileReference; lastKnownFileType = sourcecode.swift; path = AlarmSettingAPIUseCase.swift; sourceTree = "<group>"; };
		4ACA5222272FCEB500EC0531 /* AlarmSettingViewModel.swift */ = {isa = PBXFileReference; lastKnownFileType = sourcecode.swift; path = AlarmSettingViewModel.swift; sourceTree = "<group>"; };
		4ACA5224272FCEBF00EC0531 /* AlarmSettingView.swift */ = {isa = PBXFileReference; lastKnownFileType = sourcecode.swift; path = AlarmSettingView.swift; sourceTree = "<group>"; };
		4ACA522A272FCED600EC0531 /* MovingStatusModel.swift */ = {isa = PBXFileReference; lastKnownFileType = sourcecode.swift; path = MovingStatusModel.swift; sourceTree = "<group>"; };
		4ACA522C272FCEDB00EC0531 /* MovingStatusAPIUseCase.swift */ = {isa = PBXFileReference; lastKnownFileType = sourcecode.swift; path = MovingStatusAPIUseCase.swift; sourceTree = "<group>"; };
		4ACA522E272FCEDF00EC0531 /* MovingStatusViewModel.swift */ = {isa = PBXFileReference; lastKnownFileType = sourcecode.swift; path = MovingStatusViewModel.swift; sourceTree = "<group>"; };
		4ACA5230272FCEE600EC0531 /* MovingStatusView.swift */ = {isa = PBXFileReference; lastKnownFileType = sourcecode.swift; path = MovingStatusView.swift; sourceTree = "<group>"; };
		4ACA5232272FCF0F00EC0531 /* SearchViewController.swift */ = {isa = PBXFileReference; lastKnownFileType = sourcecode.swift; path = SearchViewController.swift; sourceTree = "<group>"; };
		4ACA5236272FCF2C00EC0531 /* BusRouteViewController.swift */ = {isa = PBXFileReference; lastKnownFileType = sourcecode.swift; path = BusRouteViewController.swift; sourceTree = "<group>"; };
		4ACA5238272FCF3200EC0531 /* StationViewController.swift */ = {isa = PBXFileReference; lastKnownFileType = sourcecode.swift; path = StationViewController.swift; sourceTree = "<group>"; };
		4ACA523A272FCF3C00EC0531 /* AlarmSettingViewController.swift */ = {isa = PBXFileReference; lastKnownFileType = sourcecode.swift; path = AlarmSettingViewController.swift; sourceTree = "<group>"; };
		4ACA523C272FCF4300EC0531 /* MovingStatusViewController.swift */ = {isa = PBXFileReference; lastKnownFileType = sourcecode.swift; path = MovingStatusViewController.swift; sourceTree = "<group>"; };
		4ACA5242272FD52D00EC0531 /* BBusTests.xctest */ = {isa = PBXFileReference; explicitFileType = wrapper.cfbundle; includeInIndex = 0; path = BBusTests.xctest; sourceTree = BUILT_PRODUCTS_DIR; };
		4ACA5244272FD52D00EC0531 /* BBusTests.swift */ = {isa = PBXFileReference; lastKnownFileType = sourcecode.swift; path = BBusTests.swift; sourceTree = "<group>"; };
		4ACC26B3274F669800173A32 /* BusSectionKeys.swift */ = {isa = PBXFileReference; lastKnownFileType = sourcecode.swift; path = BusSectionKeys.swift; sourceTree = "<group>"; };
		4ACC26B7274F6BD300173A32 /* BusArriveInfos.swift */ = {isa = PBXFileReference; lastKnownFileType = sourcecode.swift; path = BusArriveInfos.swift; sourceTree = "<group>"; };
		4ADB29B8274B68CE00554A4E /* GetOnAlarmController.swift */ = {isa = PBXFileReference; lastKnownFileType = sourcecode.swift; path = GetOnAlarmController.swift; sourceTree = "<group>"; };
		4ADB29BA274B6C8300554A4E /* BusPosByVehicleIdDTO.swift */ = {isa = PBXFileReference; lastKnownFileType = sourcecode.swift; path = BusPosByVehicleIdDTO.swift; sourceTree = "<group>"; };
		4ADB29BC274B6E0B00554A4E /* GetBusPosByVehIdFetcher.swift */ = {isa = PBXFileReference; lastKnownFileType = sourcecode.swift; path = GetBusPosByVehIdFetcher.swift; sourceTree = "<group>"; };
		4ADB29C6274B7A7F00554A4E /* GetOnAlarmStatus.swift */ = {isa = PBXFileReference; lastKnownFileType = sourcecode.swift; path = GetOnAlarmStatus.swift; sourceTree = "<group>"; };
		4ADB29C8274B7AA200554A4E /* GetOnAlarmAPIUsecase.swift */ = {isa = PBXFileReference; lastKnownFileType = sourcecode.swift; path = GetOnAlarmAPIUsecase.swift; sourceTree = "<group>"; };
		4ADB29CA274B7AB900554A4E /* GetOnAlarmViewModel.swift */ = {isa = PBXFileReference; lastKnownFileType = sourcecode.swift; path = GetOnAlarmViewModel.swift; sourceTree = "<group>"; };
		4ADB29CC274B880C00554A4E /* GetOnAlarmCalculateUsecase.swift */ = {isa = PBXFileReference; lastKnownFileType = sourcecode.swift; path = GetOnAlarmCalculateUsecase.swift; sourceTree = "<group>"; };
		4ADB29CE274B890800554A4E /* BusApproachStatus.swift */ = {isa = PBXFileReference; lastKnownFileType = sourcecode.swift; path = BusApproachStatus.swift; sourceTree = "<group>"; };
		4ADB29D0274CAF0100554A4E /* AlarmStartResult.swift */ = {isa = PBXFileReference; lastKnownFileType = sourcecode.swift; path = AlarmStartResult.swift; sourceTree = "<group>"; };
		4ADB29D3274E18BB00554A4E /* GetOffAlarmController.swift */ = {isa = PBXFileReference; lastKnownFileType = sourcecode.swift; path = GetOffAlarmController.swift; sourceTree = "<group>"; };
		4ADB29D6274E198900554A4E /* GetOffAlarmViewModel.swift */ = {isa = PBXFileReference; lastKnownFileType = sourcecode.swift; path = GetOffAlarmViewModel.swift; sourceTree = "<group>"; };
		4ADB29D9274E1A5F00554A4E /* GetOffAlarmStatus.swift */ = {isa = PBXFileReference; lastKnownFileType = sourcecode.swift; path = GetOffAlarmStatus.swift; sourceTree = "<group>"; };
		87038A81273B90A50078EAE3 /* BBusAPIUsecases.swift */ = {isa = PBXFileReference; lastKnownFileType = sourcecode.swift; path = BBusAPIUsecases.swift; sourceTree = "<group>"; };
		87038A84273B90D10078EAE3 /* RequestUsecases.swift */ = {isa = PBXFileReference; lastKnownFileType = sourcecode.swift; path = RequestUsecases.swift; sourceTree = "<group>"; };
		87038A87273B950B0078EAE3 /* GetArrInfoByRouteListFetcher.swift */ = {isa = PBXFileReference; lastKnownFileType = sourcecode.swift; path = GetArrInfoByRouteListFetcher.swift; sourceTree = "<group>"; };
		87038A89273B96B60078EAE3 /* Service.swift */ = {isa = PBXFileReference; lastKnownFileType = sourcecode.swift; path = Service.swift; sourceTree = "<group>"; };
		87038A8B273B96DF0078EAE3 /* Persistent.swift */ = {isa = PBXFileReference; lastKnownFileType = sourcecode.swift; path = Persistent.swift; sourceTree = "<group>"; };
		87038A8D273C10480078EAE3 /* GetRouteInfoItemFetcher.swift */ = {isa = PBXFileReference; lastKnownFileType = sourcecode.swift; path = GetRouteInfoItemFetcher.swift; sourceTree = "<group>"; };
		87038A8F273C11630078EAE3 /* GetStationsByRouteListFetcher.swift */ = {isa = PBXFileReference; lastKnownFileType = sourcecode.swift; path = GetStationsByRouteListFetcher.swift; sourceTree = "<group>"; };
		87038A91273C12320078EAE3 /* GetBusPosByRtidFetcher.swift */ = {isa = PBXFileReference; lastKnownFileType = sourcecode.swift; path = GetBusPosByRtidFetcher.swift; sourceTree = "<group>"; };
		87038A93273C12E20078EAE3 /* GetStationByUidItemFetcher.swift */ = {isa = PBXFileReference; lastKnownFileType = sourcecode.swift; path = GetStationByUidItemFetcher.swift; sourceTree = "<group>"; };
		87285F5427461DB300CA3BA9 /* UINavigationControllerExtension.swift */ = {isa = PBXFileReference; lastKnownFileType = sourcecode.swift; path = UINavigationControllerExtension.swift; sourceTree = "<group>"; };
		873578822732545D00CC8ECC /* CustomNavigationBar.swift */ = {isa = PBXFileReference; lastKnownFileType = sourcecode.swift; path = CustomNavigationBar.swift; sourceTree = "<group>"; };
		87359B8C27311BF100F461A7 /* BusTagView.swift */ = {isa = PBXFileReference; lastKnownFileType = sourcecode.swift; path = BusTagView.swift; sourceTree = "<group>"; };
		873D6395273039E100E79069 /* Coordinator.swift */ = {isa = PBXFileReference; lastKnownFileType = sourcecode.swift; path = Coordinator.swift; sourceTree = "<group>"; };
		873D639727303A6800E79069 /* AppCoordinator.swift */ = {isa = PBXFileReference; lastKnownFileType = sourcecode.swift; path = AppCoordinator.swift; sourceTree = "<group>"; };
		873D639927303B0500E79069 /* HomeCoordinator.swift */ = {isa = PBXFileReference; lastKnownFileType = sourcecode.swift; path = HomeCoordinator.swift; sourceTree = "<group>"; };
		873D639B27303B5000E79069 /* SearchCoordinator.swift */ = {isa = PBXFileReference; lastKnownFileType = sourcecode.swift; path = SearchCoordinator.swift; sourceTree = "<group>"; };
		875F1AAF2755BD86003F5BB1 /* AverageSectionTimeCalculatable.swift */ = {isa = PBXFileReference; lastKnownFileType = sourcecode.swift; path = AverageSectionTimeCalculatable.swift; sourceTree = "<group>"; };
		875F1AB12755BE08003F5BB1 /* AlarmSettingCalculateUseCase.swift */ = {isa = PBXFileReference; lastKnownFileType = sourcecode.swift; path = AlarmSettingCalculateUseCase.swift; sourceTree = "<group>"; };
		87A555682728116400A9B5E3 /* BBus.app */ = {isa = PBXFileReference; explicitFileType = wrapper.application; includeInIndex = 0; path = BBus.app; sourceTree = BUILT_PRODUCTS_DIR; };
		87A5556B2728116400A9B5E3 /* AppDelegate.swift */ = {isa = PBXFileReference; lastKnownFileType = sourcecode.swift; path = AppDelegate.swift; sourceTree = "<group>"; };
		87A5556D2728116400A9B5E3 /* SceneDelegate.swift */ = {isa = PBXFileReference; lastKnownFileType = sourcecode.swift; path = SceneDelegate.swift; sourceTree = "<group>"; };
		87A5556F2728116400A9B5E3 /* HomeViewController.swift */ = {isa = PBXFileReference; lastKnownFileType = sourcecode.swift; path = HomeViewController.swift; sourceTree = "<group>"; };
		87A555742728116600A9B5E3 /* Assets.xcassets */ = {isa = PBXFileReference; lastKnownFileType = folder.assetcatalog; path = Assets.xcassets; sourceTree = "<group>"; };
		87A555772728116600A9B5E3 /* Base */ = {isa = PBXFileReference; lastKnownFileType = file.storyboard; name = Base; path = Base.lproj/LaunchScreen.storyboard; sourceTree = "<group>"; };
		87A555792728116600A9B5E3 /* Info.plist */ = {isa = PBXFileReference; lastKnownFileType = text.plist.xml; path = Info.plist; sourceTree = "<group>"; };
		87B35D092754E71F00159791 /* MovingStatusCalculateUseCase.swift */ = {isa = PBXFileReference; lastKnownFileType = sourcecode.swift; path = MovingStatusCalculateUseCase.swift; sourceTree = "<group>"; };
		87EB52AD2733A6C6000D5492 /* GetOnStatusCell.swift */ = {isa = PBXFileReference; lastKnownFileType = sourcecode.swift; path = GetOnStatusCell.swift; sourceTree = "<group>"; };
/* End PBXFileReference section */

/* Begin PBXFrameworksBuildPhase section */
		4ACA523F272FD52D00EC0531 /* Frameworks */ = {
			isa = PBXFrameworksBuildPhase;
			buildActionMask = 2147483647;
			files = (
			);
			runOnlyForDeploymentPostprocessing = 0;
		};
		87A555652728116400A9B5E3 /* Frameworks */ = {
			isa = PBXFrameworksBuildPhase;
			buildActionMask = 2147483647;
			files = (
			);
			runOnlyForDeploymentPostprocessing = 0;
		};
/* End PBXFrameworksBuildPhase section */

/* Begin PBXGroup section */
		041A5A0F273D2E0400490075 /* Extension */ = {
			isa = PBXGroup;
			children = (
				041A5A10273D2E1B00490075 /* StringExtension.swift */,
				4A094CE027438EB800428F55 /* UIViewExtension.swift */,
				4A06AEE82743DAB20027222D /* NotificationNameExtension.swift */,
				4A38E20827464015003A9D10 /* PublisherExtension.swift */,
				87285F5427461DB300CA3BA9 /* UINavigationControllerExtension.swift */,
			);
			path = Extension;
			sourceTree = "<group>";
		};
		047C30F8273A044C0075EA14 /* Constant */ = {
			isa = PBXGroup;
			children = (
				047C30F9273A04B40075EA14 /* BBusImage.swift */,
				047C30FB273A04C20075EA14 /* BBusColor.swift */,
				047C30FD273A05A60075EA14 /* BBusRouteType.swift */,
			);
			path = Constant;
			sourceTree = "<group>";
		};
		047C30FF273A06980075EA14 /* Global */ = {
			isa = PBXGroup;
			children = (
				875F1AAE2755BD77003F5BB1 /* UseCase */,
				049375A9273B9F200061ACDA /* DTO */,
				049375A4273B9C970061ACDA /* Resource */,
				87038A80273B90810078EAE3 /* Network */,
				873D6394273039C400E79069 /* Coordinator */,
				047C30F8273A044C0075EA14 /* Constant */,
				041A5A0F273D2E0400490075 /* Extension */,
				049B9CFE2744D27F004DE66E /* CustomView */,
				4A5100312754CD5800754B36 /* Base */,
			);
			path = Global;
			sourceTree = "<group>";
		};
		049375A4273B9C970061ACDA /* Resource */ = {
			isa = PBXGroup;
			children = (
				049375A5273B9CB60061ACDA /* BusRouteList.json */,
				049375A7273B9CD60061ACDA /* StationList.json */,
			);
			path = Resource;
			sourceTree = "<group>";
		};
		049375A9273B9F200061ACDA /* DTO */ = {
			isa = PBXGroup;
			children = (
				049375B4273BB98E0061ACDA /* StationByRouteListDTO.swift */,
				049375B6273BE08F0061ACDA /* BusPosByRtidDTO.swift */,
				049375B8273BE2640061ACDA /* StationByUidItemDTO.swift */,
				049375BC273C2E120061ACDA /* ArrInfoByRouteDTO.swift */,
				4ADB29BA274B6C8300554A4E /* BusPosByVehicleIdDTO.swift */,
				049375AA273B9F330061ACDA /* BusRouteDTO.swift */,
				049375AE273BAA130061ACDA /* StationDTO.swift */,
				4A06AEC7274159D10027222D /* FavoriteItemDTO.swift */,
			);
			path = DTO;
			sourceTree = "<group>";
		};
		049B9CFE2744D27F004DE66E /* CustomView */ = {
			isa = PBXGroup;
			children = (
				049B9CFF2744D2AA004DE66E /* ThrottleButton.swift */,
				873578822732545D00CC8ECC /* CustomNavigationBar.swift */,
			);
			path = CustomView;
			sourceTree = "<group>";
		};
		4A5100312754CD5800754B36 /* Base */ = {
			isa = PBXGroup;
			children = (
				4A5100322754CDB100754B36 /* BaseUseCase.swift */,
				4A5100342754CE1500754B36 /* BaseViewController.swift */,
			);
			path = Base;
			sourceTree = "<group>";
		};
		4ACA51D7272FCC4E00EC0531 /* Home */ = {
			isa = PBXGroup;
			children = (
				87A5556F2728116400A9B5E3 /* HomeViewController.swift */,
				873D639927303B0500E79069 /* HomeCoordinator.swift */,
				4ACA51E1272FCD7900EC0531 /* Model */,
				4ACA51E0272FCD7100EC0531 /* UseCase */,
				4ACA51DF272FCD6B00EC0531 /* ViewModel */,
				4ACA51DE272FCD6300EC0531 /* View */,
			);
			path = Home;
			sourceTree = "<group>";
		};
		4ACA51D8272FCC5A00EC0531 /* Search */ = {
			isa = PBXGroup;
			children = (
				4ACA5232272FCF0F00EC0531 /* SearchViewController.swift */,
				873D639B27303B5000E79069 /* SearchCoordinator.swift */,
				4ACA51ED272FCDD900EC0531 /* Model */,
				4ACA51EC272FCDD000EC0531 /* UseCase */,
				4ACA51EB272FCDCA00EC0531 /* ViewModel */,
				4ACA51EA272FCDBE00EC0531 /* View */,
			);
			path = Search;
			sourceTree = "<group>";
		};
		4ACA51DA272FCCA600EC0531 /* BusRoute */ = {
			isa = PBXGroup;
			children = (
				4ACA5236272FCF2C00EC0531 /* BusRouteViewController.swift */,
				4A04682327327876008D87CE /* BusRouteCoordinator.swift */,
				4ACA5205272FCE3C00EC0531 /* Model */,
				4ACA5204272FCE3900EC0531 /* UseCase */,
				4ACA5203272FCE3700EC0531 /* ViewModel */,
				4ACA5202272FCE3400EC0531 /* View */,
			);
			path = BusRoute;
			sourceTree = "<group>";
		};
		4ACA51DB272FCCB300EC0531 /* Station */ = {
			isa = PBXGroup;
			children = (
				4ACA5238272FCF3200EC0531 /* StationViewController.swift */,
				4A1A22DC2732801700476861 /* StationCoordinator.swift */,
				4ACA5211272FCE7100EC0531 /* Model */,
				4ACA5210272FCE6E00EC0531 /* UseCase */,
				4ACA520F272FCE6B00EC0531 /* ViewModel */,
				4ACA520E272FCE6900EC0531 /* View */,
			);
			path = Station;
			sourceTree = "<group>";
		};
		4ACA51DC272FCCC100EC0531 /* AlarmSetting */ = {
			isa = PBXGroup;
			children = (
				4ACA523A272FCF3C00EC0531 /* AlarmSettingViewController.swift */,
				4A04682527327BA0008D87CE /* AlarmSettingCoordinator.swift */,
				4ACA521D272FCEA000EC0531 /* Model */,
				4ACA521C272FCE9E00EC0531 /* UseCase */,
				4ACA521B272FCE9A00EC0531 /* ViewModel */,
				4ACA521A272FCE9900EC0531 /* View */,
			);
			path = AlarmSetting;
			sourceTree = "<group>";
		};
		4ACA51DD272FCCCC00EC0531 /* MovingStatus */ = {
			isa = PBXGroup;
			children = (
				4ACA523C272FCF4300EC0531 /* MovingStatusViewController.swift */,
				04214060273A5EBC00A15423 /* MovingStatusFoldUnfoldDelegate.swift */,
				4ACA5229272FCECB00EC0531 /* Model */,
				4ACA5228272FCEC800EC0531 /* UseCase */,
				4ACA5227272FCEC400EC0531 /* ViewModel */,
				4ACA5226272FCEC100EC0531 /* View */,
			);
			path = MovingStatus;
			sourceTree = "<group>";
		};
		4ACA51DE272FCD6300EC0531 /* View */ = {
			isa = PBXGroup;
			children = (
				4ACA51E8272FCDAE00EC0531 /* HomeView.swift */,
				4A992C4627311F1C0006FB8C /* FavoriteCollectionHeaderView.swift */,
				4A992C48273124AF0006FB8C /* FavoriteCollectionViewCell.swift */,
				4A992C4A273124D90006FB8C /* BusCellTrailingView.swift */,
				4A1A22DA27326FD100476861 /* HomeNavigationView.swift */,
				4A7BBFF02737D6C20029915F /* RemainCongestionBadgeLabel.swift */,
				4A917DF127462E36002489FE /* EmptyFavoriteNoticeView.swift */,
				4AC79160274F6FDB00019827 /* SourceFooterView.swift */,
			);
			path = View;
			sourceTree = "<group>";
		};
		4ACA51DF272FCD6B00EC0531 /* ViewModel */ = {
			isa = PBXGroup;
			children = (
				4ACA51E6272FCDA600EC0531 /* HomeViewModel.swift */,
			);
			path = ViewModel;
			sourceTree = "<group>";
		};
		4ACA51E0272FCD7100EC0531 /* UseCase */ = {
			isa = PBXGroup;
			children = (
				4ACA51E4272FCD9C00EC0531 /* HomeAPIUseCase.swift */,
			);
			path = UseCase;
			sourceTree = "<group>";
		};
		4ACA51E1272FCD7900EC0531 /* Model */ = {
			isa = PBXGroup;
			children = (
				4ACA51E2272FCD9600EC0531 /* HomeModel.swift */,
			);
			path = Model;
			sourceTree = "<group>";
		};
		4ACA51EA272FCDBE00EC0531 /* View */ = {
			isa = PBXGroup;
			children = (
				4ACA51F4272FCE0200EC0531 /* SearchView.swift */,
				4A1A22E02732CE7900476861 /* SearchResultCollectionViewCell.swift */,
				4A17CED62733A754007B1646 /* SimpleCollectionHeaderView.swift */,
				4A17CED82733B5C5007B1646 /* SearchResultScrollView.swift */,
				4A0468292732B7B3008D87CE /* SearchNavigationView.swift */,
				4A04682B2732ECA9008D87CE /* KeyboardAccessoryView.swift */,
				4A917DF327463666002489FE /* EmptySearchResultNoticeView.swift */,
			);
			path = View;
			sourceTree = "<group>";
		};
		4ACA51EB272FCDCA00EC0531 /* ViewModel */ = {
			isa = PBXGroup;
			children = (
				4ACA51F2272FCDF900EC0531 /* SearchViewModel.swift */,
			);
			path = ViewModel;
			sourceTree = "<group>";
		};
		4ACA51EC272FCDD000EC0531 /* UseCase */ = {
			isa = PBXGroup;
			children = (
				4ACA51F0272FCDF200EC0531 /* SearchUseCase.swift */,
			);
			path = UseCase;
			sourceTree = "<group>";
		};
		4ACA51ED272FCDD900EC0531 /* Model */ = {
			isa = PBXGroup;
			children = (
				04045B7E2740F6B20056A433 /* SearchResults.swift */,
				4ACA51EE272FCDE600EC0531 /* StationSearchResult.swift */,
				04045B802740F6DC0056A433 /* BusSearchResult.swift */,
			);
			path = Model;
			sourceTree = "<group>";
		};
		4ACA5202272FCE3400EC0531 /* View */ = {
			isa = PBXGroup;
			children = (
				4ACA520C272FCE6500EC0531 /* BusRouteView.swift */,
				0476ABBA27310ED200F72DD1 /* BusRouteHeaderView.swift */,
				0476ABBC27311C1600F72DD1 /* BusStationTableViewCell.swift */,
				04AC7D102733AF090095CD4E /* BusRouteTableViewCell.swift */,
				87359B8C27311BF100F461A7 /* BusTagView.swift */,
			);
			path = View;
			sourceTree = "<group>";
		};
		4ACA5203272FCE3700EC0531 /* ViewModel */ = {
			isa = PBXGroup;
			children = (
				4ACA520A272FCE5F00EC0531 /* BusRouteViewModel.swift */,
			);
			path = ViewModel;
			sourceTree = "<group>";
		};
		4ACA5204272FCE3900EC0531 /* UseCase */ = {
			isa = PBXGroup;
			children = (
				4ACA5208272FCE5A00EC0531 /* BusRouteUseCase.swift */,
			);
			path = UseCase;
			sourceTree = "<group>";
		};
		4ACA5205272FCE3C00EC0531 /* Model */ = {
			isa = PBXGroup;
			children = (
				4A412027274E34430083D691 /* BusRouteModel.swift */,
			);
			path = Model;
			sourceTree = "<group>";
		};
		4ACA520E272FCE6900EC0531 /* View */ = {
			isa = PBXGroup;
			children = (
				4ACA5218272FCE9500EC0531 /* StationView.swift */,
				4A7BBFEC2737885F0029915F /* StationHeaderView.swift */,
				4A7BBFEE27378AA50029915F /* StationBodyCollectionViewCell.swift */,
			);
			path = View;
			sourceTree = "<group>";
		};
		4ACA520F272FCE6B00EC0531 /* ViewModel */ = {
			isa = PBXGroup;
			children = (
				4ACA5216272FCE8E00EC0531 /* StationViewModel.swift */,
			);
			path = ViewModel;
			sourceTree = "<group>";
		};
		4ACA5210272FCE6E00EC0531 /* UseCase */ = {
			isa = PBXGroup;
			children = (
				4ACA5214272FCE8A00EC0531 /* StationUseCase.swift */,
			);
			path = UseCase;
			sourceTree = "<group>";
		};
		4ACA5211272FCE7100EC0531 /* Model */ = {
			isa = PBXGroup;
			children = (
				4ACA5212272FCE8500EC0531 /* BusCongestion.swift */,
				4A094CDE27435C5900428F55 /* BusRemainTime.swift */,
				4ACC26B3274F669800173A32 /* BusSectionKeys.swift */,
				4ACC26B7274F6BD300173A32 /* BusArriveInfos.swift */,
			);
			path = Model;
			sourceTree = "<group>";
		};
		4ACA521A272FCE9900EC0531 /* View */ = {
			isa = PBXGroup;
			children = (
				4ACA5224272FCEBF00EC0531 /* AlarmSettingView.swift */,
				04AC7D122733B0940095CD4E /* GetOffTableViewCell.swift */,
				87EB52AD2733A6C6000D5492 /* GetOnStatusCell.swift */,
				04AC7D1A2733E7270095CD4E /* AlarmSettingButton.swift */,
				4A094D062743E12C00428F55 /* NoneInfoTableViewCell.swift */,
			);
			path = View;
			sourceTree = "<group>";
		};
		4ACA521B272FCE9A00EC0531 /* ViewModel */ = {
			isa = PBXGroup;
			children = (
				4ACA5222272FCEB500EC0531 /* AlarmSettingViewModel.swift */,
			);
			path = ViewModel;
			sourceTree = "<group>";
		};
		4ACA521C272FCE9E00EC0531 /* UseCase */ = {
			isa = PBXGroup;
			children = (
				4ACA5220272FCEAF00EC0531 /* AlarmSettingAPIUseCase.swift */,
				875F1AB12755BE08003F5BB1 /* AlarmSettingCalculateUseCase.swift */,
			);
			path = UseCase;
			sourceTree = "<group>";
		};
		4ACA521D272FCEA000EC0531 /* Model */ = {
			isa = PBXGroup;
			children = (
				4ACA521E272FCEAA00EC0531 /* AlarmSettingBusArriveInfo.swift */,
				0484107527464D49006F8636 /* AlarmSettingBusArriveInfos.swift */,
			);
			path = Model;
			sourceTree = "<group>";
		};
		4ACA5226272FCEC100EC0531 /* View */ = {
			isa = PBXGroup;
			children = (
				4ACA5230272FCEE600EC0531 /* MovingStatusView.swift */,
				04C6D6682734B18A00D41678 /* MovingStatusTableViewCell.swift */,
				04C6D66A2734BCAB00D41678 /* MovingStatusBusTagView.swift */,
			);
			path = View;
			sourceTree = "<group>";
		};
		4ACA5227272FCEC400EC0531 /* ViewModel */ = {
			isa = PBXGroup;
			children = (
				4ACA522E272FCEDF00EC0531 /* MovingStatusViewModel.swift */,
			);
			path = ViewModel;
			sourceTree = "<group>";
		};
		4ACA5228272FCEC800EC0531 /* UseCase */ = {
			isa = PBXGroup;
			children = (
				4ACA522C272FCEDB00EC0531 /* MovingStatusAPIUseCase.swift */,
				87B35D092754E71F00159791 /* MovingStatusCalculateUseCase.swift */,
			);
			path = UseCase;
			sourceTree = "<group>";
		};
		4ACA5229272FCECB00EC0531 /* Model */ = {
			isa = PBXGroup;
			children = (
				4ACA522A272FCED600EC0531 /* MovingStatusModel.swift */,
			);
			path = Model;
			sourceTree = "<group>";
		};
		4ACA5243272FD52D00EC0531 /* BBusTests */ = {
			isa = PBXGroup;
			children = (
				4ACA5244272FD52D00EC0531 /* BBusTests.swift */,
			);
			path = BBusTests;
			sourceTree = "<group>";
		};
		4ADB29BF274B77D800554A4E /* Foreground */ = {
			isa = PBXGroup;
			children = (
				4ACA51D7272FCC4E00EC0531 /* Home */,
				4ACA51D8272FCC5A00EC0531 /* Search */,
				4ACA51DA272FCCA600EC0531 /* BusRoute */,
				4ACA51DB272FCCB300EC0531 /* Station */,
				4ACA51DC272FCCC100EC0531 /* AlarmSetting */,
				4ACA51DD272FCCCC00EC0531 /* MovingStatus */,
			);
			path = Foreground;
			sourceTree = "<group>";
		};
		4ADB29C1274B77E900554A4E /* Background */ = {
			isa = PBXGroup;
			children = (
				4ADB29C5274B7A5500554A4E /* GetOnAlarm */,
				4ADB29D2274E17B100554A4E /* GetOffAlarm */,
			);
			path = Background;
			sourceTree = "<group>";
		};
		4ADB29C2274B79E500554A4E /* ViewModel */ = {
			isa = PBXGroup;
			children = (
				4ADB29CA274B7AB900554A4E /* GetOnAlarmViewModel.swift */,
			);
			path = ViewModel;
			sourceTree = "<group>";
		};
		4ADB29C3274B7A1D00554A4E /* Model */ = {
			isa = PBXGroup;
			children = (
				4ADB29C6274B7A7F00554A4E /* GetOnAlarmStatus.swift */,
				4ADB29CE274B890800554A4E /* BusApproachStatus.swift */,
				4ADB29D0274CAF0100554A4E /* AlarmStartResult.swift */,
			);
			path = Model;
			sourceTree = "<group>";
		};
		4ADB29C4274B7A3000554A4E /* UseCase */ = {
			isa = PBXGroup;
			children = (
				4ADB29C8274B7AA200554A4E /* GetOnAlarmAPIUsecase.swift */,
				4ADB29CC274B880C00554A4E /* GetOnAlarmCalculateUsecase.swift */,
			);
			path = UseCase;
			sourceTree = "<group>";
		};
		4ADB29C5274B7A5500554A4E /* GetOnAlarm */ = {
			isa = PBXGroup;
			children = (
				4ADB29B8274B68CE00554A4E /* GetOnAlarmController.swift */,
				4ADB29C3274B7A1D00554A4E /* Model */,
				4ADB29C4274B7A3000554A4E /* UseCase */,
				4ADB29C2274B79E500554A4E /* ViewModel */,
			);
			path = GetOnAlarm;
			sourceTree = "<group>";
		};
		4ADB29D2274E17B100554A4E /* GetOffAlarm */ = {
			isa = PBXGroup;
			children = (
				4ADB29D3274E18BB00554A4E /* GetOffAlarmController.swift */,
				4ADB29D8274E1A5500554A4E /* Model */,
				4ADB29D5274E197E00554A4E /* ViewModel */,
			);
			path = GetOffAlarm;
			sourceTree = "<group>";
		};
		4ADB29D5274E197E00554A4E /* ViewModel */ = {
			isa = PBXGroup;
			children = (
				4ADB29D6274E198900554A4E /* GetOffAlarmViewModel.swift */,
			);
			path = ViewModel;
			sourceTree = "<group>";
		};
		4ADB29D8274E1A5500554A4E /* Model */ = {
			isa = PBXGroup;
			children = (
				4ADB29D9274E1A5F00554A4E /* GetOffAlarmStatus.swift */,
			);
			path = Model;
			sourceTree = "<group>";
		};
		87038A80273B90810078EAE3 /* Network */ = {
			isa = PBXGroup;
			children = (
				4A38E20627463FF7003A9D10 /* BBusAPIError.swift */,
				87038A81273B90A50078EAE3 /* BBusAPIUsecases.swift */,
				87038A84273B90D10078EAE3 /* RequestUsecases.swift */,
				87038A89273B96B60078EAE3 /* Service.swift */,
				87038A8B273B96DF0078EAE3 /* Persistent.swift */,
				87038A86273B94CD0078EAE3 /* Fetcher */,
				4A06AEC2273E51AE0027222D /* AccessKey.xcconfig */,
			);
			path = Network;
			sourceTree = "<group>";
		};
		87038A86273B94CD0078EAE3 /* Fetcher */ = {
			isa = PBXGroup;
			children = (
				87038A87273B950B0078EAE3 /* GetArrInfoByRouteListFetcher.swift */,
				4AA294AE273C0E8D008E5497 /* GetRouteListFetcher.swift */,
				4AA294B0273C1094008E5497 /* GetStationListFetcher.swift */,
				4AA294B2273C111C008E5497 /* GetFavoriteItemListFetcher.swift */,
				4AA294B4273C11DE008E5497 /* CreateFavoriteItemFetcher.swift */,
				4AA294B6273C1275008E5497 /* DeleteFavoriteItemFetchable.swift */,
				87038A8D273C10480078EAE3 /* GetRouteInfoItemFetcher.swift */,
				87038A8F273C11630078EAE3 /* GetStationsByRouteListFetcher.swift */,
				87038A91273C12320078EAE3 /* GetBusPosByRtidFetcher.swift */,
				87038A93273C12E20078EAE3 /* GetStationByUidItemFetcher.swift */,
				4ADB29BC274B6E0B00554A4E /* GetBusPosByVehIdFetcher.swift */,
			);
			path = Fetcher;
			sourceTree = "<group>";
		};
		873D6394273039C400E79069 /* Coordinator */ = {
			isa = PBXGroup;
			children = (
				873D6395273039E100E79069 /* Coordinator.swift */,
				873D639727303A6800E79069 /* AppCoordinator.swift */,
				4A97C4D3273A822D00F1A765 /* Pushables.swift */,
			);
			path = Coordinator;
			sourceTree = "<group>";
		};
		875F1AAE2755BD77003F5BB1 /* UseCase */ = {
			isa = PBXGroup;
			children = (
				875F1AAF2755BD86003F5BB1 /* AverageSectionTimeCalculatable.swift */,
			);
			path = UseCase;
			sourceTree = "<group>";
		};
		87A5555F2728116400A9B5E3 = {
			isa = PBXGroup;
			children = (
				87A5556A2728116400A9B5E3 /* BBus */,
				4ACA5243272FD52D00EC0531 /* BBusTests */,
				87A555692728116400A9B5E3 /* Products */,
			);
			sourceTree = "<group>";
		};
		87A555692728116400A9B5E3 /* Products */ = {
			isa = PBXGroup;
			children = (
				87A555682728116400A9B5E3 /* BBus.app */,
				4ACA5242272FD52D00EC0531 /* BBusTests.xctest */,
			);
			name = Products;
			sourceTree = "<group>";
		};
		87A5556A2728116400A9B5E3 /* BBus */ = {
			isa = PBXGroup;
			children = (
				047C30FF273A06980075EA14 /* Global */,
				4ADB29BF274B77D800554A4E /* Foreground */,
				4ADB29C1274B77E900554A4E /* Background */,
				87A5556B2728116400A9B5E3 /* AppDelegate.swift */,
				87A5556D2728116400A9B5E3 /* SceneDelegate.swift */,
				87A555742728116600A9B5E3 /* Assets.xcassets */,
				87A555762728116600A9B5E3 /* LaunchScreen.storyboard */,
				87A555792728116600A9B5E3 /* Info.plist */,
			);
			path = BBus;
			sourceTree = "<group>";
		};
/* End PBXGroup section */

/* Begin PBXNativeTarget section */
		4ACA5241272FD52D00EC0531 /* BBusTests */ = {
			isa = PBXNativeTarget;
			buildConfigurationList = 4ACA5248272FD52D00EC0531 /* Build configuration list for PBXNativeTarget "BBusTests" */;
			buildPhases = (
				4ACA523E272FD52D00EC0531 /* Sources */,
				4ACA523F272FD52D00EC0531 /* Frameworks */,
				4ACA5240272FD52D00EC0531 /* Resources */,
			);
			buildRules = (
			);
			dependencies = (
				4ACA5247272FD52D00EC0531 /* PBXTargetDependency */,
			);
			name = BBusTests;
			productName = BBusTests;
			productReference = 4ACA5242272FD52D00EC0531 /* BBusTests.xctest */;
			productType = "com.apple.product-type.bundle.unit-test";
		};
		87A555672728116400A9B5E3 /* BBus */ = {
			isa = PBXNativeTarget;
			buildConfigurationList = 87A5557C2728116600A9B5E3 /* Build configuration list for PBXNativeTarget "BBus" */;
			buildPhases = (
				87A555642728116400A9B5E3 /* Sources */,
				87A555652728116400A9B5E3 /* Frameworks */,
				87A555662728116400A9B5E3 /* Resources */,
			);
			buildRules = (
			);
			dependencies = (
			);
			name = BBus;
			productName = BBus;
			productReference = 87A555682728116400A9B5E3 /* BBus.app */;
			productType = "com.apple.product-type.application";
		};
/* End PBXNativeTarget section */

/* Begin PBXProject section */
		87A555602728116400A9B5E3 /* Project object */ = {
			isa = PBXProject;
			attributes = {
				BuildIndependentTargetsInParallel = 1;
				LastSwiftUpdateCheck = 1310;
				LastUpgradeCheck = 1300;
				TargetAttributes = {
					4ACA5241272FD52D00EC0531 = {
						CreatedOnToolsVersion = 13.1;
						TestTargetID = 87A555672728116400A9B5E3;
					};
					87A555672728116400A9B5E3 = {
						CreatedOnToolsVersion = 13.0;
					};
				};
			};
			buildConfigurationList = 87A555632728116400A9B5E3 /* Build configuration list for PBXProject "BBus" */;
			compatibilityVersion = "Xcode 13.0";
			developmentRegion = en;
			hasScannedForEncodings = 0;
			knownRegions = (
				en,
				Base,
			);
			mainGroup = 87A5555F2728116400A9B5E3;
			productRefGroup = 87A555692728116400A9B5E3 /* Products */;
			projectDirPath = "";
			projectRoot = "";
			targets = (
				87A555672728116400A9B5E3 /* BBus */,
				4ACA5241272FD52D00EC0531 /* BBusTests */,
			);
		};
/* End PBXProject section */

/* Begin PBXResourcesBuildPhase section */
		4ACA5240272FD52D00EC0531 /* Resources */ = {
			isa = PBXResourcesBuildPhase;
			buildActionMask = 2147483647;
			files = (
			);
			runOnlyForDeploymentPostprocessing = 0;
		};
		87A555662728116400A9B5E3 /* Resources */ = {
			isa = PBXResourcesBuildPhase;
			buildActionMask = 2147483647;
			files = (
				87A555782728116600A9B5E3 /* LaunchScreen.storyboard in Resources */,
				049375A6273B9CB60061ACDA /* BusRouteList.json in Resources */,
				049375A8273B9CD60061ACDA /* StationList.json in Resources */,
				87A555752728116600A9B5E3 /* Assets.xcassets in Resources */,
			);
			runOnlyForDeploymentPostprocessing = 0;
		};
/* End PBXResourcesBuildPhase section */

/* Begin PBXSourcesBuildPhase section */
		4ACA523E272FD52D00EC0531 /* Sources */ = {
			isa = PBXSourcesBuildPhase;
			buildActionMask = 2147483647;
			files = (
				4ACA5245272FD52D00EC0531 /* BBusTests.swift in Sources */,
			);
			runOnlyForDeploymentPostprocessing = 0;
		};
		87A555642728116400A9B5E3 /* Sources */ = {
			isa = PBXSourcesBuildPhase;
			buildActionMask = 2147483647;
			files = (
				4ACA5231272FCEE600EC0531 /* MovingStatusView.swift in Sources */,
				4ADB29D7274E198900554A4E /* GetOffAlarmViewModel.swift in Sources */,
				4ACA51EF272FCDE600EC0531 /* StationSearchResult.swift in Sources */,
				4A17CED92733B5C6007B1646 /* SearchResultScrollView.swift in Sources */,
				4ACA523B272FCF3C00EC0531 /* AlarmSettingViewController.swift in Sources */,
				4ACA5221272FCEAF00EC0531 /* AlarmSettingAPIUseCase.swift in Sources */,
				4ACA51F1272FCDF200EC0531 /* SearchUseCase.swift in Sources */,
				4A094CDF27435C5900428F55 /* BusRemainTime.swift in Sources */,
				4AA294B5273C11DE008E5497 /* CreateFavoriteItemFetcher.swift in Sources */,
				4ACA5239272FCF3200EC0531 /* StationViewController.swift in Sources */,
				873D6396273039E100E79069 /* Coordinator.swift in Sources */,
				4A5100332754CDB100754B36 /* BaseUseCase.swift in Sources */,
				4ADB29C9274B7AA200554A4E /* GetOnAlarmAPIUsecase.swift in Sources */,
				0476ABBD27311C1600F72DD1 /* BusStationTableViewCell.swift in Sources */,
				4A38E20727463FF7003A9D10 /* BBusAPIError.swift in Sources */,
				87038A8C273B96DF0078EAE3 /* Persistent.swift in Sources */,
				4ADB29CF274B890800554A4E /* BusApproachStatus.swift in Sources */,
				0476ABBB27310ED200F72DD1 /* BusRouteHeaderView.swift in Sources */,
				875F1AB22755BE08003F5BB1 /* AlarmSettingCalculateUseCase.swift in Sources */,
				4AA294B7273C1275008E5497 /* DeleteFavoriteItemFetchable.swift in Sources */,
				4ACA51F5272FCE0200EC0531 /* SearchView.swift in Sources */,
				04C6D66B2734BCAB00D41678 /* MovingStatusBusTagView.swift in Sources */,
				049375B9273BE2640061ACDA /* StationByUidItemDTO.swift in Sources */,
				4ADB29CB274B7AB900554A4E /* GetOnAlarmViewModel.swift in Sources */,
				4ADB29CD274B880C00554A4E /* GetOnAlarmCalculateUsecase.swift in Sources */,
				4ACA520D272FCE6500EC0531 /* BusRouteView.swift in Sources */,
				4ADB29B9274B68CE00554A4E /* GetOnAlarmController.swift in Sources */,
				87038A88273B950B0078EAE3 /* GetArrInfoByRouteListFetcher.swift in Sources */,
				87038A82273B90A50078EAE3 /* BBusAPIUsecases.swift in Sources */,
				4ACA51E3272FCD9600EC0531 /* HomeModel.swift in Sources */,
				4ACA51E9272FCDAE00EC0531 /* HomeView.swift in Sources */,
				4ADB29D4274E18BB00554A4E /* GetOffAlarmController.swift in Sources */,
				4A06AEC8274159D10027222D /* FavoriteItemDTO.swift in Sources */,
				4ACA521F272FCEAA00EC0531 /* AlarmSettingBusArriveInfo.swift in Sources */,
				4A1A22DB27326FD100476861 /* HomeNavigationView.swift in Sources */,
				4AC79161274F6FDB00019827 /* SourceFooterView.swift in Sources */,
				0484107627464D49006F8636 /* AlarmSettingBusArriveInfos.swift in Sources */,
				4ACA5225272FCEBF00EC0531 /* AlarmSettingView.swift in Sources */,
				87038A92273C12320078EAE3 /* GetBusPosByRtidFetcher.swift in Sources */,
				4A094D072743E12C00428F55 /* NoneInfoTableViewCell.swift in Sources */,
				4ACA51E7272FCDA600EC0531 /* HomeViewModel.swift in Sources */,
				4A1A22DD2732801700476861 /* StationCoordinator.swift in Sources */,
				4ACA5237272FCF2C00EC0531 /* BusRouteViewController.swift in Sources */,
				873D639827303A6800E79069 /* AppCoordinator.swift in Sources */,
				4ACA5217272FCE8E00EC0531 /* StationViewModel.swift in Sources */,
				4A38E20927464015003A9D10 /* PublisherExtension.swift in Sources */,
				047C30FC273A04C20075EA14 /* BBusColor.swift in Sources */,
				87038A94273C12E20078EAE3 /* GetStationByUidItemFetcher.swift in Sources */,
				4ACA51F3272FCDF900EC0531 /* SearchViewModel.swift in Sources */,
				049375AB273B9F330061ACDA /* BusRouteDTO.swift in Sources */,
				875F1AB02755BD86003F5BB1 /* AverageSectionTimeCalculatable.swift in Sources */,
				87A555702728116400A9B5E3 /* HomeViewController.swift in Sources */,
				04214061273A5EBC00A15423 /* MovingStatusFoldUnfoldDelegate.swift in Sources */,
				4A992C4727311F1C0006FB8C /* FavoriteCollectionHeaderView.swift in Sources */,
				4ADB29BD274B6E0B00554A4E /* GetBusPosByVehIdFetcher.swift in Sources */,
				049375B7273BE08F0061ACDA /* BusPosByRtidDTO.swift in Sources */,
				4A992C49273124AF0006FB8C /* FavoriteCollectionViewCell.swift in Sources */,
				4ADB29C7274B7A7F00554A4E /* GetOnAlarmStatus.swift in Sources */,
				4ACC26B4274F669800173A32 /* BusSectionKeys.swift in Sources */,
				4A917DF227462E36002489FE /* EmptyFavoriteNoticeView.swift in Sources */,
				04AC7D1B2733E7270095CD4E /* AlarmSettingButton.swift in Sources */,
				4A97C4D4273A822D00F1A765 /* Pushables.swift in Sources */,
				049375BD273C2E120061ACDA /* ArrInfoByRouteDTO.swift in Sources */,
				873D639A27303B0500E79069 /* HomeCoordinator.swift in Sources */,
				04045B7F2740F6B30056A433 /* SearchResults.swift in Sources */,
				4ACA5215272FCE8A00EC0531 /* StationUseCase.swift in Sources */,
				4ACA5213272FCE8500EC0531 /* BusCongestion.swift in Sources */,
				04AC7D112733AF090095CD4E /* BusRouteTableViewCell.swift in Sources */,
				04045B812740F6DC0056A433 /* BusSearchResult.swift in Sources */,
				041A5A11273D2E1B00490075 /* StringExtension.swift in Sources */,
				87038A8E273C10480078EAE3 /* GetRouteInfoItemFetcher.swift in Sources */,
				4ACA523D272FCF4300EC0531 /* MovingStatusViewController.swift in Sources */,
				049375AF273BAA130061ACDA /* StationDTO.swift in Sources */,
				4A992C4B273124D90006FB8C /* BusCellTrailingView.swift in Sources */,
				4ACA5223272FCEB500EC0531 /* AlarmSettingViewModel.swift in Sources */,
				873578832732545D00CC8ECC /* CustomNavigationBar.swift in Sources */,
				4A04682427327876008D87CE /* BusRouteCoordinator.swift in Sources */,
				873D639C27303B5000E79069 /* SearchCoordinator.swift in Sources */,
				4A04682A2732B7B3008D87CE /* SearchNavigationView.swift in Sources */,
				047C30FA273A04B40075EA14 /* BBusImage.swift in Sources */,
				4ACA5219272FCE9500EC0531 /* StationView.swift in Sources */,
				4A1A22E12732CE7900476861 /* SearchResultCollectionViewCell.swift in Sources */,
				87EB52AE2733A6C6000D5492 /* GetOnStatusCell.swift in Sources */,
				4A06AEE92743DAB20027222D /* NotificationNameExtension.swift in Sources */,
				4ADB29BB274B6C8300554A4E /* BusPosByVehicleIdDTO.swift in Sources */,
				4ACC26B8274F6BD300173A32 /* BusArriveInfos.swift in Sources */,
				049B9D002744D2AA004DE66E /* ThrottleButton.swift in Sources */,
				4A04682627327BA0008D87CE /* AlarmSettingCoordinator.swift in Sources */,
				4ADB29DA274E1A5F00554A4E /* GetOffAlarmStatus.swift in Sources */,
				4A7BBFED2737885F0029915F /* StationHeaderView.swift in Sources */,
				049375B5273BB98E0061ACDA /* StationByRouteListDTO.swift in Sources */,
				4A094CE127438EB800428F55 /* UIViewExtension.swift in Sources */,
				4A7BBFF12737D6C20029915F /* RemainCongestionBadgeLabel.swift in Sources */,
				04AC7D132733B0940095CD4E /* GetOffTableViewCell.swift in Sources */,
				4ACA522D272FCEDB00EC0531 /* MovingStatusAPIUseCase.swift in Sources */,
				4AA294AF273C0E8D008E5497 /* GetRouteListFetcher.swift in Sources */,
				4A04682C2732ECAA008D87CE /* KeyboardAccessoryView.swift in Sources */,
				4ACA5209272FCE5A00EC0531 /* BusRouteUseCase.swift in Sources */,
				4AA294B1273C1094008E5497 /* GetStationListFetcher.swift in Sources */,
				4ACA5233272FCF0F00EC0531 /* SearchViewController.swift in Sources */,
				87B35D0A2754E71F00159791 /* MovingStatusCalculateUseCase.swift in Sources */,
				87038A8A273B96B60078EAE3 /* Service.swift in Sources */,
				4A412028274E34430083D691 /* BusRouteModel.swift in Sources */,
				87A5556C2728116400A9B5E3 /* AppDelegate.swift in Sources */,
				4A5100352754CE1500754B36 /* BaseViewController.swift in Sources */,
				87038A90273C11630078EAE3 /* GetStationsByRouteListFetcher.swift in Sources */,
				4ACA522B272FCED600EC0531 /* MovingStatusModel.swift in Sources */,
				4A917DF427463666002489FE /* EmptySearchResultNoticeView.swift in Sources */,
				4ADB29D1274CAF0100554A4E /* AlarmStartResult.swift in Sources */,
				87A5556E2728116400A9B5E3 /* SceneDelegate.swift in Sources */,
				04C6D6692734B18A00D41678 /* MovingStatusTableViewCell.swift in Sources */,
				87359B8D27311BF100F461A7 /* BusTagView.swift in Sources */,
				4A17CED72733A754007B1646 /* SimpleCollectionHeaderView.swift in Sources */,
				047C30FE273A05A60075EA14 /* BBusRouteType.swift in Sources */,
				4ACA51E5272FCD9C00EC0531 /* HomeAPIUseCase.swift in Sources */,
				87038A85273B90D10078EAE3 /* RequestUsecases.swift in Sources */,
				87285F5527461DB300CA3BA9 /* UINavigationControllerExtension.swift in Sources */,
				4A7BBFEF27378AA50029915F /* StationBodyCollectionViewCell.swift in Sources */,
				4ACA522F272FCEDF00EC0531 /* MovingStatusViewModel.swift in Sources */,
				4AA294B3273C111C008E5497 /* GetFavoriteItemListFetcher.swift in Sources */,
				4ACA520B272FCE5F00EC0531 /* BusRouteViewModel.swift in Sources */,
			);
			runOnlyForDeploymentPostprocessing = 0;
		};
/* End PBXSourcesBuildPhase section */

/* Begin PBXTargetDependency section */
		4ACA5247272FD52D00EC0531 /* PBXTargetDependency */ = {
			isa = PBXTargetDependency;
			target = 87A555672728116400A9B5E3 /* BBus */;
			targetProxy = 4ACA5246272FD52D00EC0531 /* PBXContainerItemProxy */;
		};
/* End PBXTargetDependency section */

/* Begin PBXVariantGroup section */
		87A555762728116600A9B5E3 /* LaunchScreen.storyboard */ = {
			isa = PBXVariantGroup;
			children = (
				87A555772728116600A9B5E3 /* Base */,
			);
			name = LaunchScreen.storyboard;
			sourceTree = "<group>";
		};
/* End PBXVariantGroup section */

/* Begin XCBuildConfiguration section */
		4ACA5249272FD52D00EC0531 /* Debug */ = {
			isa = XCBuildConfiguration;
			buildSettings = {
				BUNDLE_LOADER = "$(TEST_HOST)";
				CODE_SIGN_STYLE = Automatic;
				CURRENT_PROJECT_VERSION = 1;
				DEVELOPMENT_TEAM = NJ72J269P7;
				GENERATE_INFOPLIST_FILE = YES;
				LD_RUNPATH_SEARCH_PATHS = (
					"$(inherited)",
					"@executable_path/Frameworks",
					"@loader_path/Frameworks",
				);
				MARKETING_VERSION = 1.0;
				PRODUCT_BUNDLE_IDENTIFIER = "com.boostcamp.ios-009.BBus.BBusTests";
				PRODUCT_NAME = "$(TARGET_NAME)";
				SWIFT_EMIT_LOC_STRINGS = NO;
				SWIFT_VERSION = 5.0;
				TARGETED_DEVICE_FAMILY = "1,2";
				TEST_HOST = "$(BUILT_PRODUCTS_DIR)/BBus.app/BBus";
			};
			name = Debug;
		};
		4ACA524A272FD52D00EC0531 /* Release */ = {
			isa = XCBuildConfiguration;
			buildSettings = {
				BUNDLE_LOADER = "$(TEST_HOST)";
				CODE_SIGN_STYLE = Automatic;
				CURRENT_PROJECT_VERSION = 1;
				DEVELOPMENT_TEAM = NJ72J269P7;
				GENERATE_INFOPLIST_FILE = YES;
				LD_RUNPATH_SEARCH_PATHS = (
					"$(inherited)",
					"@executable_path/Frameworks",
					"@loader_path/Frameworks",
				);
				MARKETING_VERSION = 1.0;
				PRODUCT_BUNDLE_IDENTIFIER = "com.boostcamp.ios-009.BBus.BBusTests";
				PRODUCT_NAME = "$(TARGET_NAME)";
				SWIFT_EMIT_LOC_STRINGS = NO;
				SWIFT_VERSION = 5.0;
				TARGETED_DEVICE_FAMILY = "1,2";
				TEST_HOST = "$(BUILT_PRODUCTS_DIR)/BBus.app/BBus";
			};
			name = Release;
		};
		87A5557A2728116600A9B5E3 /* Debug */ = {
			isa = XCBuildConfiguration;
			buildSettings = {
				ALWAYS_SEARCH_USER_PATHS = NO;
				CLANG_ANALYZER_NONNULL = YES;
				CLANG_ANALYZER_NUMBER_OBJECT_CONVERSION = YES_AGGRESSIVE;
				CLANG_CXX_LANGUAGE_STANDARD = "gnu++17";
				CLANG_CXX_LIBRARY = "libc++";
				CLANG_ENABLE_MODULES = YES;
				CLANG_ENABLE_OBJC_ARC = YES;
				CLANG_ENABLE_OBJC_WEAK = YES;
				CLANG_WARN_BLOCK_CAPTURE_AUTORELEASING = YES;
				CLANG_WARN_BOOL_CONVERSION = YES;
				CLANG_WARN_COMMA = YES;
				CLANG_WARN_CONSTANT_CONVERSION = YES;
				CLANG_WARN_DEPRECATED_OBJC_IMPLEMENTATIONS = YES;
				CLANG_WARN_DIRECT_OBJC_ISA_USAGE = YES_ERROR;
				CLANG_WARN_DOCUMENTATION_COMMENTS = YES;
				CLANG_WARN_EMPTY_BODY = YES;
				CLANG_WARN_ENUM_CONVERSION = YES;
				CLANG_WARN_INFINITE_RECURSION = YES;
				CLANG_WARN_INT_CONVERSION = YES;
				CLANG_WARN_NON_LITERAL_NULL_CONVERSION = YES;
				CLANG_WARN_OBJC_IMPLICIT_RETAIN_SELF = YES;
				CLANG_WARN_OBJC_LITERAL_CONVERSION = YES;
				CLANG_WARN_OBJC_ROOT_CLASS = YES_ERROR;
				CLANG_WARN_QUOTED_INCLUDE_IN_FRAMEWORK_HEADER = YES;
				CLANG_WARN_RANGE_LOOP_ANALYSIS = YES;
				CLANG_WARN_STRICT_PROTOTYPES = YES;
				CLANG_WARN_SUSPICIOUS_MOVE = YES;
				CLANG_WARN_UNGUARDED_AVAILABILITY = YES_AGGRESSIVE;
				CLANG_WARN_UNREACHABLE_CODE = YES;
				CLANG_WARN__DUPLICATE_METHOD_MATCH = YES;
				COPY_PHASE_STRIP = NO;
				DEBUG_INFORMATION_FORMAT = dwarf;
				ENABLE_STRICT_OBJC_MSGSEND = YES;
				ENABLE_TESTABILITY = YES;
				GCC_C_LANGUAGE_STANDARD = gnu11;
				GCC_DYNAMIC_NO_PIC = NO;
				GCC_NO_COMMON_BLOCKS = YES;
				GCC_OPTIMIZATION_LEVEL = 0;
				GCC_PREPROCESSOR_DEFINITIONS = (
					"DEBUG=1",
					"$(inherited)",
				);
				GCC_WARN_64_TO_32_BIT_CONVERSION = YES;
				GCC_WARN_ABOUT_RETURN_TYPE = YES_ERROR;
				GCC_WARN_UNDECLARED_SELECTOR = YES;
				GCC_WARN_UNINITIALIZED_AUTOS = YES_AGGRESSIVE;
				GCC_WARN_UNUSED_FUNCTION = YES;
				GCC_WARN_UNUSED_VARIABLE = YES;
				IPHONEOS_DEPLOYMENT_TARGET = 14.4;
				MTL_ENABLE_DEBUG_INFO = INCLUDE_SOURCE;
				MTL_FAST_MATH = YES;
				ONLY_ACTIVE_ARCH = YES;
				SDKROOT = iphoneos;
				SWIFT_ACTIVE_COMPILATION_CONDITIONS = DEBUG;
				SWIFT_OPTIMIZATION_LEVEL = "-Onone";
			};
			name = Debug;
		};
		87A5557B2728116600A9B5E3 /* Release */ = {
			isa = XCBuildConfiguration;
			buildSettings = {
				ALWAYS_SEARCH_USER_PATHS = NO;
				CLANG_ANALYZER_NONNULL = YES;
				CLANG_ANALYZER_NUMBER_OBJECT_CONVERSION = YES_AGGRESSIVE;
				CLANG_CXX_LANGUAGE_STANDARD = "gnu++17";
				CLANG_CXX_LIBRARY = "libc++";
				CLANG_ENABLE_MODULES = YES;
				CLANG_ENABLE_OBJC_ARC = YES;
				CLANG_ENABLE_OBJC_WEAK = YES;
				CLANG_WARN_BLOCK_CAPTURE_AUTORELEASING = YES;
				CLANG_WARN_BOOL_CONVERSION = YES;
				CLANG_WARN_COMMA = YES;
				CLANG_WARN_CONSTANT_CONVERSION = YES;
				CLANG_WARN_DEPRECATED_OBJC_IMPLEMENTATIONS = YES;
				CLANG_WARN_DIRECT_OBJC_ISA_USAGE = YES_ERROR;
				CLANG_WARN_DOCUMENTATION_COMMENTS = YES;
				CLANG_WARN_EMPTY_BODY = YES;
				CLANG_WARN_ENUM_CONVERSION = YES;
				CLANG_WARN_INFINITE_RECURSION = YES;
				CLANG_WARN_INT_CONVERSION = YES;
				CLANG_WARN_NON_LITERAL_NULL_CONVERSION = YES;
				CLANG_WARN_OBJC_IMPLICIT_RETAIN_SELF = YES;
				CLANG_WARN_OBJC_LITERAL_CONVERSION = YES;
				CLANG_WARN_OBJC_ROOT_CLASS = YES_ERROR;
				CLANG_WARN_QUOTED_INCLUDE_IN_FRAMEWORK_HEADER = YES;
				CLANG_WARN_RANGE_LOOP_ANALYSIS = YES;
				CLANG_WARN_STRICT_PROTOTYPES = YES;
				CLANG_WARN_SUSPICIOUS_MOVE = YES;
				CLANG_WARN_UNGUARDED_AVAILABILITY = YES_AGGRESSIVE;
				CLANG_WARN_UNREACHABLE_CODE = YES;
				CLANG_WARN__DUPLICATE_METHOD_MATCH = YES;
				COPY_PHASE_STRIP = NO;
				DEBUG_INFORMATION_FORMAT = "dwarf-with-dsym";
				ENABLE_NS_ASSERTIONS = NO;
				ENABLE_STRICT_OBJC_MSGSEND = YES;
				GCC_C_LANGUAGE_STANDARD = gnu11;
				GCC_NO_COMMON_BLOCKS = YES;
				GCC_WARN_64_TO_32_BIT_CONVERSION = YES;
				GCC_WARN_ABOUT_RETURN_TYPE = YES_ERROR;
				GCC_WARN_UNDECLARED_SELECTOR = YES;
				GCC_WARN_UNINITIALIZED_AUTOS = YES_AGGRESSIVE;
				GCC_WARN_UNUSED_FUNCTION = YES;
				GCC_WARN_UNUSED_VARIABLE = YES;
				IPHONEOS_DEPLOYMENT_TARGET = 14.4;
				MTL_ENABLE_DEBUG_INFO = NO;
				MTL_FAST_MATH = YES;
				SDKROOT = iphoneos;
				SWIFT_COMPILATION_MODE = wholemodule;
				SWIFT_OPTIMIZATION_LEVEL = "-O";
				VALIDATE_PRODUCT = YES;
			};
			name = Release;
		};
		87A5557D2728116600A9B5E3 /* Debug */ = {
			isa = XCBuildConfiguration;
			baseConfigurationReference = 4A06AEC2273E51AE0027222D /* AccessKey.xcconfig */;
			buildSettings = {
				ASSETCATALOG_COMPILER_APPICON_NAME = AppIcon;
				ASSETCATALOG_COMPILER_GLOBAL_ACCENT_COLOR_NAME = AccentColor;
				CODE_SIGN_STYLE = Automatic;
				CURRENT_PROJECT_VERSION = 1;
				DEVELOPMENT_TEAM = B3PWYBKFUK;
				GENERATE_INFOPLIST_FILE = YES;
				INFOPLIST_FILE = BBus/Info.plist;
				INFOPLIST_KEY_NSLocationWhenInUseUsageDescription = "하차 알람을 사용하기 위해서는 위치 정보가 필요합니다.";
				INFOPLIST_KEY_UIApplicationSupportsIndirectInputEvents = YES;
				INFOPLIST_KEY_UILaunchStoryboardName = LaunchScreen;
				INFOPLIST_KEY_UISupportedInterfaceOrientations_iPad = "UIInterfaceOrientationPortrait UIInterfaceOrientationPortraitUpsideDown UIInterfaceOrientationLandscapeLeft UIInterfaceOrientationLandscapeRight";
				INFOPLIST_KEY_UISupportedInterfaceOrientations_iPhone = "UIInterfaceOrientationPortrait UIInterfaceOrientationLandscapeLeft UIInterfaceOrientationLandscapeRight";
				IPHONEOS_DEPLOYMENT_TARGET = 14.4;
				LD_RUNPATH_SEARCH_PATHS = (
					"$(inherited)",
					"@executable_path/Frameworks",
				);
				MARKETING_VERSION = 1.0;
				PRODUCT_BUNDLE_IDENTIFIER = "com.boostcamp.ios-009.BBus";
				PRODUCT_NAME = "$(TARGET_NAME)";
				SWIFT_EMIT_LOC_STRINGS = YES;
				SWIFT_VERSION = 5.0;
				TARGETED_DEVICE_FAMILY = 1;
			};
			name = Debug;
		};
		87A5557E2728116600A9B5E3 /* Release */ = {
			isa = XCBuildConfiguration;
			baseConfigurationReference = 4A06AEC2273E51AE0027222D /* AccessKey.xcconfig */;
			buildSettings = {
				ASSETCATALOG_COMPILER_APPICON_NAME = AppIcon;
				ASSETCATALOG_COMPILER_GLOBAL_ACCENT_COLOR_NAME = AccentColor;
				CODE_SIGN_STYLE = Automatic;
				CURRENT_PROJECT_VERSION = 1;
				DEVELOPMENT_TEAM = B3PWYBKFUK;
				GENERATE_INFOPLIST_FILE = YES;
				INFOPLIST_FILE = BBus/Info.plist;
				INFOPLIST_KEY_NSLocationWhenInUseUsageDescription = "하차 알람을 사용하기 위해서는 위치 정보가 필요합니다.";
				INFOPLIST_KEY_UIApplicationSupportsIndirectInputEvents = YES;
				INFOPLIST_KEY_UILaunchStoryboardName = LaunchScreen;
				INFOPLIST_KEY_UISupportedInterfaceOrientations_iPad = "UIInterfaceOrientationPortrait UIInterfaceOrientationPortraitUpsideDown UIInterfaceOrientationLandscapeLeft UIInterfaceOrientationLandscapeRight";
				INFOPLIST_KEY_UISupportedInterfaceOrientations_iPhone = "UIInterfaceOrientationPortrait UIInterfaceOrientationLandscapeLeft UIInterfaceOrientationLandscapeRight";
				IPHONEOS_DEPLOYMENT_TARGET = 14.4;
				LD_RUNPATH_SEARCH_PATHS = (
					"$(inherited)",
					"@executable_path/Frameworks",
				);
				MARKETING_VERSION = 1.0;
				PRODUCT_BUNDLE_IDENTIFIER = "com.boostcamp.ios-009.BBus";
				PRODUCT_NAME = "$(TARGET_NAME)";
				SWIFT_EMIT_LOC_STRINGS = YES;
				SWIFT_VERSION = 5.0;
				TARGETED_DEVICE_FAMILY = 1;
			};
			name = Release;
		};
/* End XCBuildConfiguration section */

/* Begin XCConfigurationList section */
		4ACA5248272FD52D00EC0531 /* Build configuration list for PBXNativeTarget "BBusTests" */ = {
			isa = XCConfigurationList;
			buildConfigurations = (
				4ACA5249272FD52D00EC0531 /* Debug */,
				4ACA524A272FD52D00EC0531 /* Release */,
			);
			defaultConfigurationIsVisible = 0;
			defaultConfigurationName = Release;
		};
		87A555632728116400A9B5E3 /* Build configuration list for PBXProject "BBus" */ = {
			isa = XCConfigurationList;
			buildConfigurations = (
				87A5557A2728116600A9B5E3 /* Debug */,
				87A5557B2728116600A9B5E3 /* Release */,
			);
			defaultConfigurationIsVisible = 0;
			defaultConfigurationName = Release;
		};
		87A5557C2728116600A9B5E3 /* Build configuration list for PBXNativeTarget "BBus" */ = {
			isa = XCConfigurationList;
			buildConfigurations = (
				87A5557D2728116600A9B5E3 /* Debug */,
				87A5557E2728116600A9B5E3 /* Release */,
			);
			defaultConfigurationIsVisible = 0;
			defaultConfigurationName = Release;
		};
/* End XCConfigurationList section */
	};
	rootObject = 87A555602728116400A9B5E3 /* Project object */;
}
